{"SurveyEntry":{"SurveyID":"SV_bQ9yBK6elNQlzFk","SurveyName":"ALT_mediator_prereg_Lucid","SurveyDescription":null,"SurveyOwnerID":"UR_blpMZq3YMijFTq4","SurveyBrandID":"usc","DivisionID":"DV_5yID8hzy7OZXHj7","SurveyLanguage":"EN","SurveyActiveResponseSet":"RS_aWuyTN4owmtKoCi","SurveyStatus":"Active","SurveyStartDate":"0000-00-00 00:00:00","SurveyExpirationDate":"0000-00-00 00:00:00","SurveyCreationDate":"2023-04-11 15:53:58","CreatorID":"UR_blpMZq3YMijFTq4","LastModified":"2025-03-24 10:02:33","LastAccessed":"0000-00-00 00:00:00","LastActivated":"2023-05-02 12:50:44","Deleted":null},"SurveyElements":[{"SurveyID":"SV_bQ9yBK6elNQlzFk","Element":"BL","PrimaryAttribute":"Survey Blocks","SecondaryAttribute":null,"TertiaryAttribute":null,"Payload":{"1":{"Type":"Trash","Description":"Trash \/ Unused Questions","ID":"BL_77fd99ZYV1VcZkp","BlockElements":[],"Options":{"BlockLocking":"false","RandomizeQuestions":"false","BlockVisibility":"Expanded"}},"7":{"Type":"Standard","SubType":"","Description":"Intro to quiz","ID":"BL_1ZCC7xf2TbT5l53","BlockElements":[{"Type":"Question","QuestionID":"QID1029"},{"Type":"Page Break"},{"Type":"Question","QuestionID":"QID1080"}],"Options":{"BlockLocking":"false","RandomizeQuestions":"false","BlockVisibility":"Collapsed"}},"67":{"Type":"Standard","SubType":"","Description":"attention check","ID":"BL_eDLOw8mxWR4RifQ","Options":{"BlockLocking":"false","RandomizeQuestions":"false","BlockVisibility":"Collapsed"},"BlockElements":[{"Type":"Question","QuestionID":"QID980"},{"Type":"Question","QuestionID":"QID981"}]},"72":{"Type":"Standard","SubType":"","Description":"Quiz","ID":"BL_ewzPsa5qtsuZwAS","BlockElements":[{"Type":"Question","QuestionID":"QID1059"},{"Type":"Page Break"},{"Type":"Question","QuestionID":"QID1063"},{"Type":"Page Break"},{"Type":"Question","QuestionID":"QID1068"},{"Type":"Page Break"},{"Type":"Question","QuestionID":"QID1073"},{"Type":"Page Break"},{"Type":"Question","QuestionID":"QID1103"},{"Type":"Page Break"},{"Type":"Question","QuestionID":"QID1104"},{"Type":"Page Break"},{"Type":"Question","QuestionID":"QID1106"},{"Type":"Page Break"},{"Type":"Question","QuestionID":"QID1109"},{"Type":"Page Break"},{"Type":"Question","QuestionID":"QID1112"},{"Type":"Page Break"},{"Type":"Question","QuestionID":"QID1151"},{"Type":"Page Break"},{"Type":"Question","QuestionID":"QID1118"},{"Type":"Page Break"},{"Type":"Question","QuestionID":"QID1159"},{"Type":"Page Break"},{"Type":"Question","QuestionID":"QID1160"},{"Type":"Page Break"},{"Type":"Question","QuestionID":"QID1162"},{"Type":"Page Break"},{"Type":"Question","QuestionID":"QID1163"},{"Type":"Page Break"},{"Type":"Question","QuestionID":"QID1165"},{"Type":"Page Break"},{"Type":"Question","QuestionID":"QID1166"},{"Type":"Page Break"},{"Type":"Question","QuestionID":"QID1168"},{"Type":"Page Break"},{"Type":"Question","QuestionID":"QID1170"},{"Type":"Page Break"},{"Type":"Question","QuestionID":"QID1171"},{"Type":"Page Break"},{"Type":"Question","QuestionID":"QID1173"},{"Type":"Page Break"},{"Type":"Question","QuestionID":"QID1176"},{"Type":"Page Break"},{"Type":"Question","QuestionID":"QID1178"},{"Type":"Page Break"},{"Type":"Question","QuestionID":"QID1179"},{"Type":"Question","QuestionID":"QID1201"},{"Type":"Page Break"}],"Options":{"BlockLocking":false,"RandomizeQuestions":"Advanced","Randomization":{"Advanced":{"FixedOrder":{"22":"{~Randomized~}","23":"{~Randomized~}","24":"{~Randomized~}","25":"{~Randomized~}","26":"{~Randomized~}","27":"{~Randomized~}","28":"{~Randomized~}","29":"{~Randomized~}","30":"{~Randomized~}","31":"{~Randomized~}","32":"{~Randomized~}","33":"{~Randomized~}","34":"{~Randomized~}","35":"{~Randomized~}","36":"{~Randomized~}","37":"{~Randomized~}","38":"{~Randomized~}","39":"{~Randomized~}","40":"{~Randomized~}","41":"{~Randomized~}","42":"{~Randomized~}","43":"{~Randomized~}","44":"{~Randomized~}","45":"{~Randomized~}","46":"QID1201"},"RandomizeAll":{"0":"QID1059","2":"QID1063","4":"QID1068","5":"QID1073","9":"QID1103","10":"QID1104","12":"QID1106","15":"QID1109","17":"QID1112","19":"QID1118","22":"QID1151","24":"QID1159","25":"QID1160","27":"QID1162","28":"QID1163","30":"QID1165","31":"QID1166","33":"QID1168","35":"QID1170","36":"QID1171","38":"QID1173","41":"QID1176","43":"QID1178","44":"QID1179"},"RandomSubSet":[],"Undisplayed":[],"TotalRandSubset":0,"QuestionsPerPage":"1"},"EvenPresentation":false},"BlockVisibility":"Collapsed"}},"79":{"Type":"Standard","SubType":"","Description":"demo","ID":"BL_bwOKwMc7YPzdvEi","BlockElements":[{"Type":"Question","QuestionID":"QID1141"},{"Type":"Page Break"},{"Type":"Question","QuestionID":"QID890"},{"Type":"Question","QuestionID":"QID892"},{"Type":"Page Break"},{"Type":"Question","QuestionID":"QID1128"},{"Type":"Page Break"},{"Type":"Question","QuestionID":"QID1130"},{"Type":"Question","QuestionID":"QID1222"},{"Type":"Page Break"}],"Options":{"BlockLocking":"false","RandomizeQuestions":"false","BlockVisibility":"Expanded"}},"80":{"Type":"Standard","SubType":"","Description":"consent","ID":"BL_5vVTOs9kmhU2bOe","Options":{"BlockLocking":"false","RandomizeQuestions":"false","BlockVisibility":"Collapsed"},"BlockElements":[{"Type":"Question","QuestionID":"QID1137"},{"Type":"Page Break"},{"Type":"Question","QuestionID":"QID1138"}]},"82":{"Type":"Standard","SubType":"","Description":"ending","ID":"BL_1Tua9iN7lTeI6fc","BlockElements":[{"Type":"Question","QuestionID":"QID1140"}],"Options":{"BlockLocking":"false","RandomizeQuestions":"false","BlockVisibility":"Expanded"}},"88":{"Type":"Standard","SubType":"","Description":"Mediator","ID":"BL_e3ruXK9KT5HrCnk","BlockElements":[{"Type":"Question","QuestionID":"QID1203"},{"Type":"Page Break"},{"Type":"Question","QuestionID":"QID1202"},{"Type":"Question","QuestionID":"QID1204"},{"Type":"Question","QuestionID":"QID1205"},{"Type":"Question","QuestionID":"QID1206"},{"Type":"Question","QuestionID":"QID1207"},{"Type":"Question","QuestionID":"QID1208"},{"Type":"Question","QuestionID":"QID1209"}],"Options":{"BlockLocking":"false","RandomizeQuestions":"Advanced","Randomization":{"Advanced":{"FixedOrder":{"0":"QID1203","8":"{~Randomized~}","9":"{~Randomized~}","10":"{~Randomized~}","11":"{~Randomized~}","12":"{~Randomized~}","13":"{~Randomized~}","14":"{~Randomized~}"},"RandomizeAll":["QID1202","QID1204","QID1205","QID1206","QID1207","QID1208","QID1209"],"RandomSubSet":[],"Undisplayed":[],"TotalRandSubset":0,"QuestionsPerPage":0},"EvenPresentation":false},"BlockVisibility":"Expanded"}},"89":{"Type":"Standard","SubType":"","Description":"DV","ID":"BL_6i1bRR9ZQbixXpk","BlockElements":[{"Type":"Question","QuestionID":"QID1219"},{"Type":"Question","QuestionID":"QID1220"}],"Options":{"BlockLocking":"false","RandomizeQuestions":"false","BlockVisibility":"Expanded"}}}},{"SurveyID":"SV_bQ9yBK6elNQlzFk","Element":"BR","PrimaryAttribute":"FL_45","SecondaryAttribute":null,"TertiaryAttribute":null,"Payload":{"FL_81":0,"FL_42":0,"FL_80":0,"FL_78":0}},{"SurveyID":"SV_bQ9yBK6elNQlzFk","Element":"FL","PrimaryAttribute":"Survey Flow","SecondaryAttribute":null,"TertiaryAttribute":null,"Payload":{"Type":"Root","FlowID":"FL_1","Flow":[{"Type":"Standard","ID":"BL_5vVTOs9kmhU2bOe","FlowID":"FL_233","Autofill":[]},{"Type":"EmbeddedData","FlowID":"FL_277","EmbeddedData":[{"Description":"rid","Type":"Recipient","Field":"rid","VariableType":"String","DataVisibility":[],"AnalyzeText":false},{"Description":"age","Type":"Recipient","Field":"age","VariableType":"String","DataVisibility":[],"AnalyzeText":false},{"Description":"gender","Type":"Recipient","Field":"gender","VariableType":"String","DataVisibility":[],"AnalyzeText":false},{"Description":"hhi","Type":"Recipient","Field":"hhi","VariableType":"String","DataVisibility":[],"AnalyzeText":false},{"Description":"education","Type":"Recipient","Field":"education","VariableType":"String","DataVisibility":[],"AnalyzeText":false},{"Description":"political_party","Type":"Recipient","Field":"political_party","VariableType":"String","DataVisibility":[],"AnalyzeText":false},{"Description":"region","Type":"Recipient","Field":"region","VariableType":"String","DataVisibility":[],"AnalyzeText":false},{"Description":"zip","Type":"Recipient","Field":"zip","VariableType":"String","DataVisibility":[],"AnalyzeText":false},{"Description":"ethnicity","Type":"Recipient","Field":"ethnicity","VariableType":"String","DataVisibility":[],"AnalyzeText":false},{"Description":"hispanic","Type":"Recipient","Field":"hispanic","VariableType":"String","DataVisibility":[],"AnalyzeText":false}]},{"Type":"Standard","ID":"BL_eDLOw8mxWR4RifQ","FlowID":"FL_166","Autofill":[]},{"Type":"Branch","FlowID":"FL_221","Description":"New Branch","BranchLogic":{"0":{"0":{"LogicType":"Question","QuestionID":"QID980","QuestionIsInLoop":"no","ChoiceLocator":"q:\/\/QID980\/ChoiceTextEntryValue","Operator":"NotEqualTo","QuestionIDFromLocator":"QID980","LeftOperand":"q:\/\/QID980\/ChoiceTextEntryValue","RightOperand":"8","Type":"Expression","Description":"<span class=\"ConjDesc\">If<\/span> <span class=\"QuestionDesc\">Please indicate you are taking the time to read the instructions carefully by completing the foll...<\/span> <span class=\"LeftOpDesc\">Text Response<\/span> <span class=\"OpDesc\">Is Not Equal to<\/span> <span class=\"RightOpDesc\"> 8 <\/span>"},"Type":"If"},"Type":"BooleanExpression"},"Flow":[{"Type":"EndSurvey","FlowID":"FL_222","EndingType":"Advanced","Options":{"Advanced":"true","SurveyTermination":"DisplayMessage","EOSMessageLibrary":"UR_3x6Ync8C6BvApQ9","EOSMessage":"MS_6yWCacwFBg1pOGa"}}]},{"Type":"Block","ID":"BL_1ZCC7xf2TbT5l53","FlowID":"FL_268","Autofill":[]},{"Type":"Block","ID":"BL_ewzPsa5qtsuZwAS","FlowID":"FL_269","Autofill":[]},{"Type":"Block","ID":"BL_e3ruXK9KT5HrCnk","FlowID":"FL_270","Autofill":[]},{"Type":"Standard","ID":"BL_6i1bRR9ZQbixXpk","FlowID":"FL_276","Autofill":[]},{"Type":"Standard","ID":"BL_bwOKwMc7YPzdvEi","FlowID":"FL_232","Autofill":[]},{"Type":"Standard","ID":"BL_1Tua9iN7lTeI6fc","FlowID":"FL_252","Autofill":[]},{"Type":"EndSurvey","FlowID":"FL_278","EndingType":"Advanced","Options":{"Advanced":"true","SurveyTermination":"Redirect","EOSRedirectURL":"https:\/\/notch.insights.supply\/cb?token=f521fff7-d879-4fdc-958c-2b96b0a90323&RID=${e:\/\/Field\/rid}"}}],"Properties":{"Count":278,"RemovedFieldsets":[]}}},{"SurveyID":"SV_bQ9yBK6elNQlzFk","Element":"NT","PrimaryAttribute":"NT_0c8DJbqRFXNeKma","SecondaryAttribute":null,"TertiaryAttribute":null,"Payload":{"Notes":[{"Message":"this DV aims at measuring again cancel culture -- it is not great asking this AFTER the tweet variable (the open ended question), but I thought it is still better than the other way around (this question would prime the content of the tweet if was before it).","ID":"NO_4YnaKqMMyPtOiH4","UserID":"UR_0DGPQJLrI0b5TYp","Timestamp":1629389000,"Removed":false}],"UserStatuses":{"UR_0DGPQJLrI0b5TYp":"Expanded","UR_9oanLmhGTAFrKzH":"Expanded"},"ParentID":"QID970","ID":"NT_0c8DJbqRFXNeKma"}},{"SurveyID":"SV_bQ9yBK6elNQlzFk","Element":"NT","PrimaryAttribute":"NT_2nmAL5NdfgJ3KPc","SecondaryAttribute":null,"TertiaryAttribute":null,"Payload":{"Notes":[{"Message":"The intuitive answers to these questions that \"system 1\" gives typically are: 10 cents, 100 minutes, and 24 days; while the correct solutions are: 5 cents, 5 minutes, and 47 days","ID":"NO_1LyeKxbbqnpzDIW","UserID":"UR_0DGPQJLrI0b5TYp","Timestamp":1629389302,"Removed":false}],"UserStatuses":{"UR_0DGPQJLrI0b5TYp":"Expanded","UR_9oanLmhGTAFrKzH":"Expanded"},"ParentID":"QID973","ID":"NT_2nmAL5NdfgJ3KPc"}},{"SurveyID":"SV_bQ9yBK6elNQlzFk","Element":"NT","PrimaryAttribute":"NT_3PYJiyQI9ogxkUe","SecondaryAttribute":null,"TertiaryAttribute":null,"Payload":{"Notes":[{"Message":"Should we let them know that incorrect answers will not impact their compensation? I'm thinking it may be helpful since we tell them that failing the attention checks will impact their compensation.","ID":"NO_2h4g9ZwwE7aXzE2","UserID":"UR_sERAlAGZqpbfpbl","Timestamp":1650990430,"Removed":true},{"Message":"Done!","ID":"NO_ePQ3Y3QfZvIqPLE","UserID":"UR_3x6Ync8C6BvApQ9","Timestamp":1660839439,"Removed":true}],"UserStatuses":{"UR_sERAlAGZqpbfpbl":"Expanded","UR_3x6Ync8C6BvApQ9":"Expanded"},"ParentID":"QID1029","ID":"NT_3PYJiyQI9ogxkUe"}},{"SurveyID":"SV_bQ9yBK6elNQlzFk","Element":"NT","PrimaryAttribute":"NT_5yVnVGmUKU0dFP0","SecondaryAttribute":null,"TertiaryAttribute":null,"Payload":{"Notes":[{"Message":"https:\/\/www.sciencedirect.com\/science\/article\/abs\/pii\/S1053810001905069","ID":"NO_3Pl6BIEB59W5tmS","UserID":"UR_0DGPQJLrI0b5TYp","Timestamp":1629389966,"Removed":false}],"UserStatuses":{"UR_0DGPQJLrI0b5TYp":"Expanded","UR_9oanLmhGTAFrKzH":"Expanded"},"ParentID":"QID979","ID":"NT_5yVnVGmUKU0dFP0"}},{"SurveyID":"SV_bQ9yBK6elNQlzFk","Element":"NT","PrimaryAttribute":"NT_8IEWCUNs0Tgieuq","SecondaryAttribute":null,"TertiaryAttribute":null,"Payload":{"Notes":[{"Message":"narrow AI","ID":"NO_cSXVXVvY0CxeUTk","UserID":"UR_9oanLmhGTAFrKzH","Timestamp":1645057605,"Removed":true}],"UserStatuses":{"UR_9oanLmhGTAFrKzH":"Expanded"},"ParentID":"QID1030","ID":"NT_8IEWCUNs0Tgieuq"}},{"SurveyID":"SV_bQ9yBK6elNQlzFk","Element":"NT","PrimaryAttribute":"NT_8ixYGp5HPech7OC","SecondaryAttribute":null,"TertiaryAttribute":null,"Payload":{"Notes":[{"Message":"https:\/\/www.sciencedirect.com\/science\/article\/abs\/pii\/S1053810001905069","ID":"NO_4UROgkEixzR7ATY","UserID":"UR_0DGPQJLrI0b5TYp","Timestamp":1629389725,"Removed":false}],"UserStatuses":{"UR_0DGPQJLrI0b5TYp":"Expanded"},"ParentID":"QID977","ID":"NT_8ixYGp5HPech7OC"}},{"SurveyID":"SV_bQ9yBK6elNQlzFk","Element":"NT","PrimaryAttribute":"NT_9FQwUDJ7j1zUnd4","SecondaryAttribute":null,"TertiaryAttribute":null,"Payload":{"Notes":[{"Message":"https:\/\/www.aeaweb.org\/articles?id=10.1257\/089533005775196732","ID":"NO_bd77nM2DruLkGrk","UserID":"UR_0DGPQJLrI0b5TYp","Timestamp":1629389688,"Removed":false}],"UserStatuses":{"UR_0DGPQJLrI0b5TYp":"Expanded"},"ParentID":"QID974","ID":"NT_9FQwUDJ7j1zUnd4"}},{"SurveyID":"SV_bQ9yBK6elNQlzFk","Element":"NT","PrimaryAttribute":"NT_a4d4dyeAYbq0jLU","SecondaryAttribute":null,"TertiaryAttribute":null,"Payload":{"Notes":[{"Message":"https:\/\/quizizz.com\/admin\/quiz\/5ed285b4ca727f001be8808e\/intro-to-algorithms","ID":"NO_6X0B0WNWwQPHySO","UserID":"UR_ctDzEKuCwodIMLz","Timestamp":1645105400,"Removed":false}],"UserStatuses":{"UR_ctDzEKuCwodIMLz":"Expanded"},"ParentID":"QID1047","ID":"NT_a4d4dyeAYbq0jLU"}},{"SurveyID":"SV_bQ9yBK6elNQlzFk","Element":"NT","PrimaryAttribute":"NT_eaPI6J7WRXgmVJI","SecondaryAttribute":null,"TertiaryAttribute":null,"Payload":{"Notes":[{"Message":"pilot 1 showed no correlation between overall perceptions of knowledge and scores - should we keep this DV then?","ID":"NO_a4uu2hfts5xYmvY","UserID":"UR_3x6Ync8C6BvApQ9","Timestamp":1660839588,"Removed":false}],"UserStatuses":{"UR_3x6Ync8C6BvApQ9":"Expanded"},"ParentID":"QID1135","ID":"NT_eaPI6J7WRXgmVJI"}},{"SurveyID":"SV_bQ9yBK6elNQlzFk","Element":"NT","PrimaryAttribute":"NT_ezil2wwyinvjpIi","SecondaryAttribute":null,"TertiaryAttribute":null,"Payload":{"Notes":[{"Message":"here I tried to create a DV that should be the opposite of cancel, and offer a more constructive approach","ID":"NO_0JMtz02ihtQCEbs","UserID":"UR_0DGPQJLrI0b5TYp","Timestamp":1629389141,"Removed":false}],"UserStatuses":{"UR_0DGPQJLrI0b5TYp":"Expanded","UR_9oanLmhGTAFrKzH":"Expanded"},"ParentID":"QID972","ID":"NT_ezil2wwyinvjpIi"}},{"SurveyID":"SV_bQ9yBK6elNQlzFk","Element":"PL","PrimaryAttribute":"Preview Link","SecondaryAttribute":null,"TertiaryAttribute":null,"Payload":{"PreviewType":"Brand","PreviewID":"b9882847-5f34-4e7f-a22c-40f83c468985"}},{"SurveyID":"SV_bQ9yBK6elNQlzFk","Element":"PROJ","PrimaryAttribute":"CORE","SecondaryAttribute":null,"TertiaryAttribute":"1.1.0","Payload":{"ProjectCategory":"CORE","SchemaVersion":"1.1.0"}},{"SurveyID":"SV_bQ9yBK6elNQlzFk","Element":"QC","PrimaryAttribute":"Survey Question Count","SecondaryAttribute":"1222","TertiaryAttribute":null,"Payload":null},{"SurveyID":"SV_bQ9yBK6elNQlzFk","Element":"RS","PrimaryAttribute":"RS_aWuyTN4owmtKoCi","SecondaryAttribute":null,"TertiaryAttribute":null,"Payload":null},{"SurveyID":"SV_bQ9yBK6elNQlzFk","Element":"SCO","PrimaryAttribute":"Scoring","SecondaryAttribute":null,"TertiaryAttribute":null,"Payload":{"ScoringCategories":[{"ID":"SC_3yiz1h5H6L2hvZY","Name":"Score","Description":""}],"ScoringCategoryGroups":[],"DefaultScoringCategory":"SC_3yiz1h5H6L2hvZY","ScoringSummaryCategory":null,"ScoringSummaryAfterQuestions":0,"ScoringSummaryAfterSurvey":0,"AutoScoringCategory":null}},{"SurveyID":"SV_bQ9yBK6elNQlzFk","Element":"SO","PrimaryAttribute":"Survey Options","SecondaryAttribute":null,"TertiaryAttribute":null,"Payload":{"BackButton":"false","SaveAndContinue":"false","SurveyProtection":"PublicSurvey","BallotBoxStuffingPrevention":"false","SurveyExpiration":null,"SurveyTermination":"DisplayMessage","Header":"","Footer":"","ProgressBarDisplay":"None","PartialData":"+1 week","ValidationMessage":null,"PreviousButton":"  &lt;&lt;  ","NextButton":"  &gt;&gt;  ","SkinLibrary":"usc","SkinType":"templated","Skin":{"brandingId":null,"templateId":"*base","overrides":{"contrast":1,"font":{"family":"helvetica, arial, sans-serif"}}},"NewScoring":1,"libraryId":"","nextButtonMid":"","previousButtonMid":"","headerMid":"","footerMid":"","QuestionsPerPage":"","CustomStyles":[],"HighlightQuestions":"off","EOSMessage":"MS_9EvtrLcLq7PWdv0","ShowExportTags":"false","CollectGeoLocation":"false","SurveyTitle":"Survey | Qualtrics Survey Software","SurveyMetaDescription":"Survey Software, Enterprise Survey software for enterprise feedback management and CRM solutions. Enables high-quality data collection, panel management and results analysis. Perfect for market research or CRM solution (Customer Relationship Management) integration. Free trial and consultation.","PasswordProtection":"No","AnonymizeResponse":"No","Password":"","RefererCheck":"No","NoIndex":"No","RefererURL":"http:\/\/","EOSMessageLibrary":"UR_sERAlAGZqpbfpbl","EOSRedirectURL":"https:\/\/","EmailThankYou":"false","ThankYouEmailMessageLibrary":null,"ThankYouEmailMessage":null,"ValidateMessage":"false","ValidationMessageLibrary":null,"InactiveSurvey":"DefaultMessage","InactiveMessageLibrary":"","InactiveMessage":"","AvailableLanguages":{"EN":[]},"SpellChecked":0,"ProtectSelectionIds":true,"SecureResponseFiles":"false","PartialDataCloseAfter":"LastActivity","ActiveResponseSet":null,"PageTransition":"Slide","ResponseSummary":"No","RecaptchaV3":"false","RelevantID":"false","UseCustomSurveyLinkCompletedMessage":null,"SurveyLinkCompletedMessage":"","SurveyLinkCompletedMessageLibrary":"","PartialDeletion":null,"BallotBoxStuffingPreventionBehavior":null,"BallotBoxStuffingPreventionMessage":null,"BallotBoxStuffingPreventionMessageLibrary":null,"BallotBoxStuffingPreventionURL":null,"ConfirmStart":false,"AutoConfirmStart":false,"RelevantIDLockoutPeriod":"+30 days","SurveyName":"ALT_mediator_prereg_Lucid"}},{"SurveyID":"SV_bQ9yBK6elNQlzFk","Element":"SQ","PrimaryAttribute":"QID1029","SecondaryAttribute":"In the next pages we will ask you 25 questions about your general knowledge of artificial intelli...","TertiaryAttribute":null,"Payload":{"QuestionText":"<span style=\"font-size:19px;\"><span style=\"font-family:Arial,Helvetica,sans-serif;\">In the next pages we will ask you 25 questions about your general knowledge of artificial intelligence, algorithms, online behavior, and data privacy.<br \/>\n<br \/>\n<u>It is very important that you do not look up or google these answers online, as that would defeat the purpose of our survey.<\/u><br \/>\n<br \/>\nYou do not need to be an expert on these topics. We are interested in people&#39;s actual understanding, so please just answer the following questions to best of your knowledge.<br \/>\n<br \/>\nAnswering correctly\/incorrectly will <u>not<\/u> impact your compensation.<\/span><\/span>","DefaultChoices":false,"DataExportTag":"Q40","QuestionID":"QID1029","QuestionType":"DB","Selector":"TB","Configuration":{"QuestionDescriptionOption":"UseText"},"QuestionDescription":"In the next pages we will ask you 25 questions about your general knowledge of artificial intelli...","ChoiceOrder":[],"Validation":{"Settings":{"Type":"None"}},"GradingData":[],"Language":[],"NextChoiceId":4,"NextAnswerId":1,"DataVisibility":{"Private":false,"Hidden":false}}},{"SurveyID":"SV_bQ9yBK6elNQlzFk","Element":"SQ","PrimaryAttribute":"QID1059","SecondaryAttribute":"Which of the languages below are used to code a robot?","TertiaryAttribute":null,"Payload":{"QuestionText":"Which of the languages below are used to code a robot?","DefaultChoices":false,"QuestionType":"MC","Selector":"SAVR","SubSelector":"TX","DataVisibility":{"Private":false,"Hidden":false},"Configuration":{"QuestionDescriptionOption":"UseText"},"QuestionDescription":"Which of the languages below are used to code a robot?","Choices":{"1":{"Display":"Python"},"2":{"Display":"HTML"},"3":{"Display":"Computer Vision"},"4":{"Display":"Hypertext"}},"ChoiceOrder":["1","2","3","4"],"Validation":{"Settings":{"ForceResponse":"ON","ForceResponseType":"ON","Type":"None"}},"RecodeValues":{"1":"1","2":"0","3":"0","4":"0"},"GradingData":[{"ChoiceID":"1","Grades":{"SC_3yiz1h5H6L2hvZY":"1"},"index":0}],"Language":[],"NextChoiceId":5,"NextAnswerId":1,"Randomization":{"Advanced":null,"TotalRandSubset":"","Type":"All"},"QuestionText_Unsafe":"Which of the languages below are used to code a robot?","DataExportTag":"1","QuestionID":"QID1059","VariableNaming":{"1":"Python","2":"Html","3":"Computer Vision","4":"Hypertext"}}},{"SurveyID":"SV_bQ9yBK6elNQlzFk","Element":"SQ","PrimaryAttribute":"QID1063","SecondaryAttribute":"Which technology is the primary enabler of Artificial Intelligence?","TertiaryAttribute":null,"Payload":{"QuestionText":"Which technology is the primary enabler of Artificial Intelligence?","DefaultChoices":false,"QuestionType":"MC","Selector":"SAVR","SubSelector":"TX","DataVisibility":{"Private":false,"Hidden":false},"Configuration":{"QuestionDescriptionOption":"UseText"},"QuestionDescription":"Which technology is the primary enabler of Artificial Intelligence?","Choices":{"1":{"Display":"Machine Learning"},"2":{"Display":"Electric Battery"},"3":{"Display":"Robotics"},"4":{"Display":"Engineering"}},"ChoiceOrder":["1","2","3","4"],"Validation":{"Settings":{"ForceResponse":"ON","ForceResponseType":"ON","Type":"None"}},"RecodeValues":{"1":"1","2":"0","3":"0","4":"0"},"GradingData":[{"ChoiceID":"1","Grades":{"SC_3yiz1h5H6L2hvZY":"1"},"index":0}],"Language":[],"NextChoiceId":5,"NextAnswerId":1,"Randomization":{"Advanced":null,"TotalRandSubset":"","Type":"All"},"QuestionText_Unsafe":"Which key technology is behind Artificial Intelligence?","DataExportTag":"3","QuestionID":"QID1063","VariableNaming":{"1":"Machine Learning","2":"Electric Battery","3":"Robotics","4":"Engineering"}}},{"SurveyID":"SV_bQ9yBK6elNQlzFk","Element":"SQ","PrimaryAttribute":"QID1068","SecondaryAttribute":"Which of the following tasks was the first to be performed well by Artificial Intelligence?","TertiaryAttribute":null,"Payload":{"QuestionText":"Which of the following tasks was the first to be performed well by Artificial Intelligence?","DefaultChoices":false,"QuestionType":"MC","Selector":"SAVR","SubSelector":"TX","DataVisibility":{"Private":false,"Hidden":false},"Configuration":{"QuestionDescriptionOption":"UseText"},"QuestionDescription":"Which of the following tasks was the first to be performed well by Artificial Intelligence?","Choices":{"1":{"Display":"The complete replacement of a doctor in the treatment of patients"},"2":{"Display":"The implementation of psychotherapies"},"3":{"Display":"The analysis of X-ray images, for example to detect a torn meniscus or a tumor"},"4":{"Display":"The performance of complex physical work that requires dexterity or precise hand-eye coordination"}},"ChoiceOrder":["1","2","3","4"],"Validation":{"Settings":{"ForceResponse":"ON","ForceResponseType":"ON","Type":"None"}},"RecodeValues":{"1":"0","2":"0","3":"1","4":"0"},"GradingData":[{"ChoiceID":"3","Grades":{"SC_3yiz1h5H6L2hvZY":"1"},"index":0}],"Language":[],"NextChoiceId":5,"NextAnswerId":1,"Randomization":{"Advanced":null,"TotalRandSubset":"","Type":"All"},"QuestionText_Unsafe":"Which of the following tasks could most likely be performed by Artificial Intelligence?","DataExportTag":"5","QuestionID":"QID1068","VariableNaming":{"1":"The complete replacement of a doctor in the treatment of patients","2":"The implementation of psychotherapies","3":"The analysis of X-ray images, for example to detect a torn meniscus or a tumor","4":"The performance of complex physical work that requires dexterity or precise hand-eye coordination"}}},{"SurveyID":"SV_bQ9yBK6elNQlzFk","Element":"SQ","PrimaryAttribute":"QID1073","SecondaryAttribute":"Which of these is a notable algorithmic problem?","TertiaryAttribute":null,"Payload":{"QuestionText":"Which of these is a notable algorithmic problem?","DefaultChoices":false,"QuestionType":"MC","Selector":"SAVR","SubSelector":"TX","DataVisibility":{"Private":false,"Hidden":false},"Configuration":{"QuestionDescriptionOption":"UseText"},"QuestionDescription":"Which of these is a notable algorithmic problem?","Choices":{"1":{"Display":"Counting"},"2":{"Display":"Sorting"},"3":{"Display":"Multiplication"},"4":{"Display":"Division"}},"ChoiceOrder":["1","2","3","4"],"Randomization":{"Advanced":null,"TotalRandSubset":"","Type":"All"},"Validation":{"Settings":{"ForceResponse":"ON","ForceResponseType":"ON","Type":"None"}},"RecodeValues":{"1":"0","2":"1","3":"0","4":"0"},"GradingData":[{"ChoiceID":"2","Grades":{"SC_3yiz1h5H6L2hvZY":"1"},"index":0}],"Language":[],"NextChoiceId":5,"NextAnswerId":1,"QuestionText_Unsafe":"One of the most storied algorithmic problems in all of computer science is ...","DataExportTag":"6","QuestionID":"QID1073","VariableNaming":{"1":"Counting","2":"Sorting","3":"Multiplication","4":"Division"}}},{"SurveyID":"SV_bQ9yBK6elNQlzFk","Element":"SQ","PrimaryAttribute":"QID1080","SecondaryAttribute":"Please try to answer these questions to the best of your knowledge. We need your honest responses...","TertiaryAttribute":null,"Payload":{"QuestionText":"<span style=\"font-size:19px;\"><span style=\"font-family:Arial,Helvetica,sans-serif;\">Please try to answer these questions to the best of your knowledge. We need your honest responses to understand people&#39;s general knowledge of AI and algorithms.&nbsp;<br \/>\n<br \/>\n<strong>For each question, please choose the answer that you believe is <u>the most accurate<\/u>.<\/strong><\/span><\/span>","DefaultChoices":false,"DataExportTag":"Q57","QuestionID":"QID1080","QuestionType":"DB","Selector":"TB","Configuration":{"QuestionDescriptionOption":"UseText"},"QuestionDescription":"Please try to answer these questions to the best of your knowledge. We need your honest responses...","ChoiceOrder":[],"Validation":{"Settings":{"Type":"None"}},"GradingData":[],"Language":[],"NextChoiceId":4,"NextAnswerId":1,"DataVisibility":{"Private":false,"Hidden":false}}},{"SurveyID":"SV_bQ9yBK6elNQlzFk","Element":"SQ","PrimaryAttribute":"QID1103","SecondaryAttribute":"What was the purpose of the PCI DSS (payment card industry data security standard)?","TertiaryAttribute":null,"Payload":{"QuestionText":"What was the purpose of the PCI DSS (payment card industry data security standard)?","DefaultChoices":false,"DataExportTag":"10","QuestionType":"MC","Selector":"SAVR","SubSelector":"TX","DataVisibility":{"Private":false,"Hidden":false},"Configuration":{"QuestionDescriptionOption":"UseText"},"QuestionDescription":"What was the purpose of the PCI DSS (payment card industry data security standard)?","Choices":{"1":{"Display":"Regulate financial transactions"},"2":{"Display":"Manage browser cookies"},"3":{"Display":"Standardize credit score data"},"4":{"Display":"Enable websites to accept crypto currencies"}},"ChoiceOrder":["1","2","3","4"],"Randomization":{"Advanced":null,"TotalRandSubset":"","Type":"All"},"Validation":{"Settings":{"ForceResponse":"ON","ForceResponseType":"ON","Type":"None"}},"RecodeValues":{"1":"1","2":"0","3":"0","4":"0"},"GradingData":[{"ChoiceID":"1","Grades":{"SC_3yiz1h5H6L2hvZY":"1"},"index":0}],"Language":[],"NextChoiceId":5,"NextAnswerId":1,"QuestionID":"QID1103"}},{"SurveyID":"SV_bQ9yBK6elNQlzFk","Element":"SQ","PrimaryAttribute":"QID1104","SecondaryAttribute":"Which of these is not a best practice when trying to protect your privacy online?","TertiaryAttribute":null,"Payload":{"QuestionText":"Which of these is <u>not<\/u> a best practice when trying to protect your privacy online?","DefaultChoices":false,"DataExportTag":"11","QuestionType":"MC","Selector":"SAVR","SubSelector":"TX","DataVisibility":{"Private":false,"Hidden":false},"Configuration":{"QuestionDescriptionOption":"UseText"},"QuestionDescription":"Which of these is not a best practice when trying to protect your privacy online?","Choices":{"1":{"Display":"Using a two-factor authentication to access account and devices"},"2":{"Display":"Storing your passwords in the notes section of your smartphone"},"3":{"Display":"Updating your operating system promptly when an update becomes available"},"4":{"Display":"Using different login information"}},"ChoiceOrder":["1","2","3","4"],"Randomization":{"Advanced":null,"TotalRandSubset":"","Type":"All"},"Validation":{"Settings":{"ForceResponse":"ON","ForceResponseType":"ON","Type":"None"}},"RecodeValues":{"1":"0","2":"1","3":"0","4":"0"},"GradingData":[{"ChoiceID":"2","Grades":{"SC_3yiz1h5H6L2hvZY":"1"},"index":0}],"Language":[],"NextChoiceId":5,"NextAnswerId":1,"QuestionID":"QID1104"}},{"SurveyID":"SV_bQ9yBK6elNQlzFk","Element":"SQ","PrimaryAttribute":"QID1106","SecondaryAttribute":"If using an algorithm, can the results be biased against specific groups of people?","TertiaryAttribute":null,"Payload":{"QuestionText":"If using an algorithm, can the results be biased against specific groups of people?","DefaultChoices":false,"DataExportTag":"13","QuestionType":"MC","Selector":"SAVR","SubSelector":"TX","DataVisibility":{"Private":false,"Hidden":false},"Configuration":{"QuestionDescriptionOption":"UseText"},"QuestionDescription":"If using an algorithm, can the results be biased against specific groups of people?","Choices":{"1":{"Display":"No, unlike humans, algorithms are free of emotions and cannot be wrong"},"2":{"Display":"Yes, but only if you train them on privileged populations"},"3":{"Display":"Yes, but only if you use them with incomplete data"},"4":{"Display":"Yes, even with correct data and training, algorithms can provide biased results"}},"ChoiceOrder":["1","2","3","4"],"Randomization":{"Advanced":null,"TotalRandSubset":"","Type":"All"},"Validation":{"Settings":{"ForceResponse":"ON","ForceResponseType":"ON","Type":"None"}},"RecodeValues":{"1":"0","2":"0","3":"0","4":"1"},"GradingData":[{"ChoiceID":"4","Grades":{"SC_3yiz1h5H6L2hvZY":"1"},"index":0}],"Language":[],"NextChoiceId":5,"NextAnswerId":1,"QuestionID":"QID1106"}},{"SurveyID":"SV_bQ9yBK6elNQlzFk","Element":"SQ","PrimaryAttribute":"QID1109","SecondaryAttribute":"How algorithmic decisions best explained?","TertiaryAttribute":null,"Payload":{"QuestionText":"How algorithmic decisions best explained?","DefaultChoices":false,"DataExportTag":"16","QuestionType":"MC","Selector":"SAVR","SubSelector":"TX","DataVisibility":{"Private":false,"Hidden":false},"Configuration":{"QuestionDescriptionOption":"UseText"},"QuestionDescription":"How algorithmic decisions best explained?","Choices":{"1":{"Display":"Only for very basic and simple algorithms"},"2":{"Display":"They can be explained by sharing the algorithm with everyone"},"3":{"Display":"As complex code, they cannot be explained"},"4":{"Display":"Algorithms can be explained by sharing the contributing factors to decisions"}},"ChoiceOrder":["1","2","3","4"],"Randomization":{"Advanced":null,"TotalRandSubset":"","Type":"All"},"Validation":{"Settings":{"ForceResponse":"ON","ForceResponseType":"ON","Type":"None"}},"RecodeValues":{"1":"0","2":"0","3":"0","4":"1"},"GradingData":[{"ChoiceID":"4","Grades":{"SC_3yiz1h5H6L2hvZY":"1"},"index":0}],"Language":[],"NextChoiceId":5,"NextAnswerId":1,"QuestionID":"QID1109"}},{"SurveyID":"SV_bQ9yBK6elNQlzFk","Element":"SQ","PrimaryAttribute":"QID1112","SecondaryAttribute":"When programming stock investment recommendation algorithms, these algorithms are typically progr...","TertiaryAttribute":null,"Payload":{"QuestionText":"When programming stock investment recommendation algorithms, these algorithms are typically programmed to:","DefaultChoices":false,"DataExportTag":"18","QuestionType":"MC","Selector":"SAVR","SubSelector":"TX","DataVisibility":{"Private":false,"Hidden":false},"Configuration":{"QuestionDescriptionOption":"UseText"},"QuestionDescription":"When programming stock investment recommendation algorithms, these algorithms are typically progr...","Choices":{"1":{"Display":"Ignore smaller companies"},"2":{"Display":"Give more weight to random fluctuations in the market"},"3":{"Display":"Consistently keep track of investments"},"4":{"Display":"Prefer indices over specific stocks"}},"ChoiceOrder":["1","2","3","4"],"Randomization":{"Advanced":null,"TotalRandSubset":"","Type":"All"},"Validation":{"Settings":{"ForceResponse":"ON","ForceResponseType":"ON","Type":"None"}},"RecodeValues":{"1":"0","2":"0","3":"1","4":"0"},"GradingData":[{"ChoiceID":"3","Grades":{"SC_3yiz1h5H6L2hvZY":"1"},"index":0}],"Language":[],"NextChoiceId":5,"NextAnswerId":1,"QuestionID":"QID1112"}},{"SurveyID":"SV_bQ9yBK6elNQlzFk","Element":"SQ","PrimaryAttribute":"QID1118","SecondaryAttribute":"AI can take images and short sound clips of people and create long, convincing impersonation of t...","TertiaryAttribute":null,"Payload":{"QuestionText":"AI can take images and short sound clips of people and create long, convincing impersonation of these people saying anything. What is this technology called?","DefaultChoices":false,"DataExportTag":"23","QuestionType":"MC","Selector":"SAVR","SubSelector":"TX","DataVisibility":{"Private":false,"Hidden":false},"Configuration":{"QuestionDescriptionOption":"UseText"},"QuestionDescription":"AI can take images and short sound clips of people and create long, convincing impersonation of t...","Choices":{"1":{"Display":"Deepmind"},"2":{"Display":"Deepfake"},"3":{"Display":"Deeplearn"},"4":{"Display":"Deepvoice"}},"ChoiceOrder":["1","2","3","4"],"Randomization":{"Advanced":null,"TotalRandSubset":"","Type":"All"},"Validation":{"Settings":{"ForceResponse":"ON","ForceResponseType":"ON","Type":"None"}},"RecodeValues":{"1":"0","2":"1","3":"0","4":"0"},"GradingData":[{"ChoiceID":"2","Grades":{"SC_3yiz1h5H6L2hvZY":"1"},"index":0}],"Language":[],"NextChoiceId":5,"NextAnswerId":1,"QuestionID":"QID1118"}},{"SurveyID":"SV_bQ9yBK6elNQlzFk","Element":"SQ","PrimaryAttribute":"QID1128","SecondaryAttribute":"What is your current marital status?","TertiaryAttribute":null,"Payload":{"ChoiceOrder":["1","2","3","4","5"],"Choices":{"1":{"Display":"Single"},"2":{"Display":"In a relationship"},"3":{"Display":"Married"},"4":{"Display":"Other"},"5":{"Display":"Prefer not to say"}},"Configuration":{"QuestionDescriptionOption":"UseText"},"DataExportTag":"marital","Language":[],"NextAnswerId":1,"NextChoiceId":6,"QuestionDescription":"What is your current marital status?","QuestionID":"QID1128","QuestionText":"What is your current marital status?","QuestionText_Unsafe":"What is your current marital status?","QuestionType":"MC","Selector":"SAVR","SubSelector":"TX","Validation":{"Settings":{"ForceResponse":"OFF","ForceResponseType":"ON","Type":"None"}},"DataVisibility":{"Private":false,"Hidden":false}}},{"SurveyID":"SV_bQ9yBK6elNQlzFk","Element":"SQ","PrimaryAttribute":"QID1130","SecondaryAttribute":"How would you describe your current employment status?","TertiaryAttribute":null,"Payload":{"ChoiceOrder":["1","2","3","4","5","6"],"Choices":{"1":{"Display":"Employed full time"},"2":{"Display":"Employed part-time"},"3":{"Display":"Unemployed looking for work"},"4":{"Display":"Student"},"5":{"Display":"Retired"},"6":{"Display":"Other"}},"Configuration":{"QuestionDescriptionOption":"UseText"},"DataExportTag":"employ","Language":[],"NextAnswerId":1,"NextChoiceId":8,"QuestionDescription":"How would you describe your current employment status?","QuestionID":"QID1130","QuestionText":"How would you describe your current employment status?","QuestionText_Unsafe":"How would you describe your current employment status?","QuestionType":"MC","RecodeValues":{"1":"1","2":"2","3":"3","4":"4","5":"5","6":"6"},"Selector":"MAVR","SubSelector":"TX","Validation":{"Settings":{"ForceResponse":"OFF","ForceResponseType":"ON","Type":"None"}},"DataVisibility":{"Private":false,"Hidden":false}}},{"SurveyID":"SV_bQ9yBK6elNQlzFk","Element":"SQ","PrimaryAttribute":"QID1137","SecondaryAttribute":"Protocol 4408E You have been invited to take part in a study named \u201cConsumer Judgment and Decisio.","TertiaryAttribute":null,"Payload":{"ChoiceOrder":["1","2"],"Choices":{"1":{"Display":"agree"},"2":{"Display":"disagree"}},"Configuration":{"QuestionDescriptionOption":"UseText"},"DataExportTag":"consent_info","DataVisibility":{"Hidden":false,"Private":false},"Language":[],"NextAnswerId":1,"NextChoiceId":4,"QuestionDescription":"Protocol 4408E You have been invited to take part in a study named \u201cConsumer Judgment and Decisio...","QuestionID":"QID1137","QuestionText":"Protocol 4408E<br><br>You have been invited to take part in a study named \u201cConsumer Judgment and Decision Making\u201d The purpose of this study is to understand how people make judgments and decisions about themselves and others. This study is being conducted by Chiara Longoni, PhD, Assistant Professor of Marketing at Boston University at 25 Buick Street, Suite 157, Boston, MA 02215; (617) 353 9784; clongoni@bu.edu<br><br>If you decide to take part in the study, you will be asked to perform some tasks such as reading or writing. &nbsp;You will be asked to answer some questions, and may be asked to evaluate hypothetical behaviors. &nbsp;Taking part in the study will involve about 20 minutes.<br><br>There are no known risks to taking part in this study beyond those of everyday life. Although you will receive no direct benefits, this research may help the investigator better understand the way people make evaluations of experiences.&nbsp;<br><br>The information from your participation in this study will be kept strictly confidential, as the researcher is not asking you for any information that identifies you individually and by storing the data on his password protected computer in his locked office. The data may be seen only by the investigators, and only aggregate data will be reported in any presentation or publication.&nbsp;<br><br>If there is anything about the study or your participation that is unclear or that you do not understand, if you have questions, or if you wish to report a research-related problem, you may contact Chiara Longoni, PhD, Assistant Professor of Marketing at Boston University at 25 Buick Street, Suite 157, Boston, MA 02215; (617) 353 9784; clongoni@bu.edu. If you have questions about your rights as a research participant, or if you have any complaints or concerns and want to speak with someone independent of the research team, you may contact the Boston University Charles River Campus IRB at 617-358-6115. The IRB Office webpage has information where you can learn more about being a participant in research, and you can also complete a Participant Feedback Survey.","QuestionText_Unsafe":"Protocol 4408E<br><br>You have been invited to take part in a study named \u201cConsumer Judgments\u201d The purpose of this study is to understand how people make judgments and decisions about themselves and others. This study is being conducted by Chiara Longoni, PhD, Assistant Professor of Marketing at Boston University at 25 Buick Street, Suite 157, Boston, MA 02215; (617) 353 9784; clongoni@bu.edu<br><br>If you decide to take part in the study, you will be asked to perform some tasks such as reading or writing. &nbsp;You will be asked to answer some questions, and may be asked to evaluate hypothetical behaviors. &nbsp;Taking part in the study will involve no more than 10 minutes.<br><br>There are no known risks to taking part in this study beyond those of everyday life. Although you will receive no direct benefits, this research may help the investigator better understand the way people make evaluations of experiences.&nbsp;<br><br>The information from your participation in this study will be kept strictly confidential, as the researcher is not asking you for any information that identifies you individually and by storing the data on his password protected computer in his locked office. The data may be seen only by the investigators, and only aggregate data will be reported in any presentation or publication.&nbsp;<br><br>If there is anything about the study or your participation that is unclear or that you do not understand, if you have questions, or if you wish to report a research-related problem, you may contact Chiara Longoni, PhD, Assistant Professor of Marketing at Boston University at 25 Buick Street, Suite 157, Boston, MA 02215; (617) 353 9784; clongoni@bu.edu. If you have questions about your rights as a research participant, or if you have any complaints or concerns and want to speak with someone independent of the research team, you may contact the Boston University Charles River Campus IRB at 617-358-6115. The IRB Office webpage has information where you can learn more about being a participant in research, and you can also complete a Participant Feedback Survey.","QuestionType":"MC","Selector":"SAVR","SubSelector":"TX","Validation":{"Settings":{"ForceResponse":"ON","ForceResponseType":"ON","Type":"None"}}}},{"SurveyID":"SV_bQ9yBK6elNQlzFk","Element":"SQ","PrimaryAttribute":"QID1138","SecondaryAttribute":"Please do not take a break during the study. Once you click \"next,\" please complete the study in...","TertiaryAttribute":null,"Payload":{"ChoiceOrder":[],"Configuration":{"QuestionDescriptionOption":"UseText"},"DataExportTag":"inst1","DataVisibility":{"Hidden":false,"Private":false},"DefaultChoices":false,"GradingData":[],"Language":[],"NextAnswerId":1,"NextChoiceId":4,"QuestionDescription":"Please do not take a break during the study. Once you click \"next,\" please complete the study in...","QuestionID":"QID1138","QuestionText":"<div>Please do not take a break during the study. Once you click \"next,\" please complete the study in once sitting.<\/div>","QuestionText_Unsafe":"<div>Please do not take a break during the study. Once you click \"next,\" please complete the study in once sitting.<\/div>","QuestionType":"DB","Selector":"TB","Validation":{"Settings":{"Type":"None"}}}},{"SurveyID":"SV_bQ9yBK6elNQlzFk","Element":"SQ","PrimaryAttribute":"QID1140","SecondaryAttribute":"Thank you so much for your participation, we appreciate your time! If there's anything you would...","TertiaryAttribute":null,"Payload":{"QuestionText":"Thank you so much for your participation, we appreciate your time! <br>If there's anything you would like to let us know, please enter it here:","DefaultChoices":false,"DataExportTag":"open","QuestionID":"QID1140","QuestionType":"TE","Selector":"ESTB","Configuration":{"QuestionDescriptionOption":"UseText","InputWidth":576,"InputHeight":138},"QuestionDescription":"Thank you so much for your participation, we appreciate your time! If there's anything you would...","Validation":{"Settings":{"ForceResponse":"OFF","Type":"None"}},"GradingData":[],"Language":[],"NextChoiceId":4,"NextAnswerId":1,"SearchSource":{"AllowFreeResponse":"false"}}},{"SurveyID":"SV_bQ9yBK6elNQlzFk","Element":"SQ","PrimaryAttribute":"QID1141","SecondaryAttribute":"You are almost done with this survey. Please answer a few more questions about you.\u00a0","TertiaryAttribute":null,"Payload":{"QuestionText":"<span style=\"font-size:19px;\"><span style=\"font-family:Arial,Helvetica,sans-serif;\">You are almost done with this survey. Please answer a few more questions about you.&nbsp;<\/span><\/span>","DefaultChoices":false,"DataExportTag":"Q66","QuestionID":"QID1141","QuestionType":"DB","Selector":"TB","Configuration":{"QuestionDescriptionOption":"UseText"},"QuestionDescription":"You are almost done with this survey. Please answer a few more questions about you.\u00a0","ChoiceOrder":[],"Validation":{"Settings":{"Type":"None"}},"GradingData":[],"Language":[],"NextChoiceId":4,"NextAnswerId":1,"DataVisibility":{"Private":false,"Hidden":false}}},{"SurveyID":"SV_bQ9yBK6elNQlzFk","Element":"SQ","PrimaryAttribute":"QID1151","SecondaryAttribute":"According to the Health Insurance Portability and Accountability Act of 1996 (HIPAA), protected h...","TertiaryAttribute":null,"Payload":{"QuestionText":"According to the Health Insurance Portability and Accountability Act of 1996 (HIPAA), protected health information <u>cannot<\/u> be shared with:","DefaultChoices":false,"DataExportTag":"21","QuestionType":"MC","Selector":"SAVR","SubSelector":"TX","DataVisibility":{"Private":false,"Hidden":false},"Configuration":{"QuestionDescriptionOption":"UseText"},"QuestionDescription":"According to the Health Insurance Portability and Accountability Act of 1996 (HIPAA), protected h...","Choices":{"1":{"Display":"The patient\u2019s employer"},"2":{"Display":"The patient"},"3":{"Display":"Law enforcement"},"4":{"Display":"The patient\u2019s health insurance"}},"ChoiceOrder":["1","2","3","4"],"Randomization":{"Advanced":null,"TotalRandSubset":"","Type":"All"},"Validation":{"Settings":{"ForceResponse":"ON","ForceResponseType":"ON","Type":"None"}},"RecodeValues":{"1":"1","2":"0","3":"0","4":"0"},"GradingData":[{"ChoiceID":"1","Grades":{"SC_3yiz1h5H6L2hvZY":"1"},"index":0}],"Language":[],"NextChoiceId":5,"NextAnswerId":1,"QuestionID":"QID1151"}},{"SurveyID":"SV_bQ9yBK6elNQlzFk","Element":"SQ","PrimaryAttribute":"QID1159","SecondaryAttribute":"Google automatically completes the text you type in the search bar...","TertiaryAttribute":null,"Payload":{"QuestionText":"Google automatically completes the text you type in the search bar...","DefaultChoices":false,"DataExportTag":"25","QuestionType":"MC","Selector":"SAVR","SubSelector":"TX","DataVisibility":{"Private":false,"Hidden":false},"Configuration":{"QuestionDescriptionOption":"UseText"},"QuestionDescription":"Google automatically completes the text you type in the search bar...","Choices":{"1":{"Display":"By looking at the most common search terms used by others and your search history"},"2":{"Display":"Based only on your search history"},"3":{"Display":"Based only on what people in your zip code are searching for"},"4":{"Display":"By using your phone camera when you type and reading your lips"}},"ChoiceOrder":["1","2","3","4"],"Randomization":{"Advanced":null,"TotalRandSubset":"","Type":"All"},"Validation":{"Settings":{"ForceResponse":"ON","ForceResponseType":"ON","Type":"None"}},"RecodeValues":{"1":"1","2":"0","3":"0","4":"0"},"GradingData":[{"ChoiceID":"1","Grades":{"SC_3yiz1h5H6L2hvZY":"1"},"index":0}],"Language":[],"NextChoiceId":5,"NextAnswerId":1,"QuestionID":"QID1159"}},{"SurveyID":"SV_bQ9yBK6elNQlzFk","Element":"SQ","PrimaryAttribute":"QID1160","SecondaryAttribute":"Algorithms may improve website performance by doing all of the following except for\u2026.","TertiaryAttribute":null,"Payload":{"QuestionText":"Algorithms may improve website performance by doing all of the following <u>except<\/u> for&hellip;.","DefaultChoices":false,"DataExportTag":"26","QuestionType":"MC","Selector":"SAVR","SubSelector":"TX","DataVisibility":{"Private":false,"Hidden":false},"Configuration":{"QuestionDescriptionOption":"UseText"},"QuestionDescription":"Algorithms may improve website performance by doing all of the following except for\u2026.","Choices":{"1":{"Display":"Showing us content that might interest us"},"2":{"Display":"Showing us relevant ads"},"3":{"Display":"Monitoring which content we engage in"},"4":{"Display":"Changing our screen brightness"}},"ChoiceOrder":["1","2","3","4"],"Randomization":{"Advanced":null,"TotalRandSubset":"","Type":"All"},"Validation":{"Settings":{"ForceResponse":"ON","ForceResponseType":"ON","Type":"None"}},"RecodeValues":{"1":"0","2":"0","3":"0","4":"1"},"GradingData":[{"ChoiceID":"4","Grades":{"SC_3yiz1h5H6L2hvZY":"1"},"index":0}],"Language":[],"NextChoiceId":5,"NextAnswerId":1,"QuestionID":"QID1160"}},{"SurveyID":"SV_bQ9yBK6elNQlzFk","Element":"SQ","PrimaryAttribute":"QID1162","SecondaryAttribute":"What information do social media algorithms not typically use when deciding what information to d...","TertiaryAttribute":null,"Payload":{"QuestionText":"What information do social media algorithms <u>not <\/u>typically use when deciding what information to display to a person?","DefaultChoices":false,"DataExportTag":"28","QuestionType":"MC","Selector":"SAVR","SubSelector":"TX","DataVisibility":{"Private":false,"Hidden":false},"Configuration":{"QuestionDescriptionOption":"UseText"},"QuestionDescription":"What information do social media algorithms not typically use when deciding what information to d...","Choices":{"1":{"Display":"Articles people have previously clicked on"},"2":{"Display":"Videos people have previously watched online"},"3":{"Display":"Information people have shared on social media"},"4":{"Display":"What would benefit society"}},"ChoiceOrder":["1","2","3","4"],"Randomization":{"Advanced":null,"TotalRandSubset":"","Type":"All"},"Validation":{"Settings":{"ForceResponse":"ON","ForceResponseType":"ON","Type":"None"}},"RecodeValues":{"1":"0","2":"0","3":"0","4":"1"},"GradingData":[{"ChoiceID":"4","Grades":{"SC_3yiz1h5H6L2hvZY":"1"},"index":0}],"Language":[],"NextChoiceId":5,"NextAnswerId":1,"QuestionID":"QID1162"}},{"SurveyID":"SV_bQ9yBK6elNQlzFk","Element":"SQ","PrimaryAttribute":"QID1163","SecondaryAttribute":"When you use a web-based service which stores its data in \"the cloud\", where is the data actually...","TertiaryAttribute":null,"Payload":{"QuestionText":"When you use a web-based service which stores its data in \"the cloud\", where is the data actually stored?","DefaultChoices":false,"DataExportTag":"29","QuestionType":"MC","Selector":"SAVR","SubSelector":"TX","DataVisibility":{"Private":false,"Hidden":false},"Configuration":{"QuestionDescriptionOption":"UseText"},"QuestionDescription":"When you use a web-based service which stores its data in \"the cloud\", where is the data actually...","Choices":{"1":{"Display":"In a hidden folder in your computer"},"2":{"Display":"At the company's headquarters"},"3":{"Display":"At a large server farm"},"4":{"Display":"In your browser's cookies"}},"ChoiceOrder":["1","2","3","4"],"Randomization":{"Advanced":null,"TotalRandSubset":"","Type":"All"},"Validation":{"Settings":{"ForceResponse":"ON","ForceResponseType":"ON","Type":"None"}},"RecodeValues":{"1":"0","2":"0","3":"1","4":"0"},"GradingData":[{"ChoiceID":"3","Grades":{"SC_3yiz1h5H6L2hvZY":"1"},"index":0}],"Language":[],"NextChoiceId":5,"NextAnswerId":1,"QuestionID":"QID1163"}},{"SurveyID":"SV_bQ9yBK6elNQlzFk","Element":"SQ","PrimaryAttribute":"QID1165","SecondaryAttribute":"If you turn off personalized ads, you are most likely to see ads...","TertiaryAttribute":null,"Payload":{"QuestionText":"If you turn <u>off <\/u>personalized ads, you are most likely to see ads...","DefaultChoices":false,"DataExportTag":"31","QuestionType":"MC","Selector":"SAVR","SubSelector":"TX","DataVisibility":{"Private":false,"Hidden":false},"Configuration":{"QuestionDescriptionOption":"UseText"},"QuestionDescription":"If you turn off personalized ads, you are most likely to see ads...","Choices":{"1":{"Display":"Targeting people similar to you"},"2":{"Display":"That are relevant for you"},"3":{"Display":"That are interesting to you"},"4":{"Display":"For commonly purchased products"}},"ChoiceOrder":["1","2","3","4"],"Randomization":{"Advanced":null,"TotalRandSubset":"","Type":"All"},"Validation":{"Settings":{"ForceResponse":"ON","ForceResponseType":"ON","Type":"None"}},"RecodeValues":{"1":"0","2":"0","3":"0","4":"1"},"GradingData":[{"ChoiceID":"4","Grades":{"SC_3yiz1h5H6L2hvZY":"1"},"index":0}],"Language":[],"NextChoiceId":5,"NextAnswerId":1,"QuestionID":"QID1165"}},{"SurveyID":"SV_bQ9yBK6elNQlzFk","Element":"SQ","PrimaryAttribute":"QID1166","SecondaryAttribute":"Pattern recognition is a decision-making step employed by...","TertiaryAttribute":null,"Payload":{"QuestionText":"Pattern recognition is a decision-making step employed by...","DefaultChoices":false,"DataExportTag":"32","QuestionType":"MC","Selector":"SAVR","SubSelector":"TX","DataVisibility":{"Private":false,"Hidden":false},"Configuration":{"QuestionDescriptionOption":"UseText"},"QuestionDescription":"Pattern recognition is a decision-making step employed by...","Choices":{"1":{"Display":"Algorithms"},"2":{"Display":"Humans"},"3":{"Display":"Both"},"4":{"Display":"Neither"}},"ChoiceOrder":["1","2","3","4"],"Randomization":{"Advanced":null,"TotalRandSubset":"","Type":"All"},"Validation":{"Settings":{"ForceResponse":"ON","ForceResponseType":"ON","Type":"None"}},"RecodeValues":{"1":"0","2":"0","3":"1","4":"0"},"GradingData":[{"ChoiceID":"3","Grades":{"SC_3yiz1h5H6L2hvZY":"1"},"index":0}],"Language":[],"NextChoiceId":5,"NextAnswerId":1,"QuestionID":"QID1166"}},{"SurveyID":"SV_bQ9yBK6elNQlzFk","Element":"SQ","PrimaryAttribute":"QID1168","SecondaryAttribute":"When do algorithms tend to perform better than humans?","TertiaryAttribute":null,"Payload":{"QuestionText":"When do algorithms tend to perform better than humans?","DefaultChoices":false,"DataExportTag":"34","QuestionType":"MC","Selector":"SAVR","SubSelector":"TX","DataVisibility":{"Private":false,"Hidden":false},"Configuration":{"QuestionDescriptionOption":"UseText"},"QuestionDescription":"When do algorithms tend to perform better than humans?","Choices":{"1":{"Display":"When lots of structured data is involved and the risk from a wrong answer is minimal"},"2":{"Display":"When there is no structured data available and the risk from a wrong answer is minimal"},"3":{"Display":"When lots of structured data is involved and the risk from a wrong answer is significant"},"4":{"Display":"When there is no structured data available and risk from a wrong answer is significant"}},"ChoiceOrder":["1","2","3","4"],"Randomization":{"Advanced":null,"TotalRandSubset":"","Type":"All"},"Validation":{"Settings":{"ForceResponse":"ON","ForceResponseType":"ON","Type":"None"}},"RecodeValues":{"1":"1","2":"0","3":"0","4":"0"},"GradingData":[{"ChoiceID":"1","Grades":{"SC_3yiz1h5H6L2hvZY":"1"},"index":0}],"Language":[],"NextChoiceId":5,"NextAnswerId":1,"QuestionID":"QID1168"}},{"SurveyID":"SV_bQ9yBK6elNQlzFk","Element":"SQ","PrimaryAttribute":"QID1170","SecondaryAttribute":"What is training data and why is it important?","TertiaryAttribute":null,"Payload":{"QuestionText":"What is training data and why is it important?","DefaultChoices":false,"DataExportTag":"36","QuestionType":"MC","Selector":"SAVR","SubSelector":"TX","DataVisibility":{"Private":false,"Hidden":false},"Configuration":{"QuestionDescriptionOption":"UseText"},"QuestionDescription":"What is training data and why is it important?","Choices":{"2":{"Display":"Training data is used to calibrate the model during creation, creating a model that performs best according to that data"},"3":{"Display":"Training data is used to test the model after it was created, to see how it works with new data"},"5":{"Display":"Training data is used when the model is fully calibrated, to train new users with how to work with the model"},"6":{"Display":"Training data is used to minimize bias in older models and train them to new population types"}},"ChoiceOrder":["5","2","3","6"],"Randomization":{"Advanced":null,"TotalRandSubset":"","Type":"All"},"Validation":{"Settings":{"ForceResponse":"ON","ForceResponseType":"ON","Type":"None"}},"RecodeValues":{"2":"1","3":"0","5":"0","6":"0"},"GradingData":[{"ChoiceID":"2","Grades":{"SC_3yiz1h5H6L2hvZY":"1"},"index":0}],"Language":[],"NextChoiceId":7,"NextAnswerId":1,"QuestionID":"QID1170"}},{"SurveyID":"SV_bQ9yBK6elNQlzFk","Element":"SQ","PrimaryAttribute":"QID1171","SecondaryAttribute":"Indicate if the following is primarily the result of an algorithm or not: What I write in a post...","TertiaryAttribute":null,"Payload":{"QuestionText":"Indicate if the following is <u>primarily<\/u> the result of an algorithm or not:<br \/>\n<br \/>\nWhat I write in a post on social media","DefaultChoices":false,"DataExportTag":"37","QuestionID":"QID1171","QuestionType":"MC","Selector":"SAHR","SubSelector":"TX","Configuration":{"QuestionDescriptionOption":"UseText","TextPosition":"inline","LabelPosition":"BELOW"},"QuestionDescription":"Indicate if the following is primarily the result of an algorithm or not: What I write in a post...","Choices":{"1":{"Display":"Yes"},"2":{"Display":"No"}},"ChoiceOrder":["1","2"],"Validation":{"Settings":{"ForceResponse":"OFF","Type":"None"}},"VariableNaming":[],"GradingData":[{"ChoiceID":"2","Grades":{"SC_3yiz1h5H6L2hvZY":"1"},"index":0}],"Language":[],"NextChoiceId":4,"NextAnswerId":4,"RecodeValues":{"1":"0","2":"1"},"DataVisibility":{"Private":false,"Hidden":false}}},{"SurveyID":"SV_bQ9yBK6elNQlzFk","Element":"SQ","PrimaryAttribute":"QID1173","SecondaryAttribute":"Indicate if the following is primarily the result of an algorithm or not: What I type in a text m...","TertiaryAttribute":null,"Payload":{"QuestionText":"Indicate if the following is <u>primarily<\/u> the result of an algorithm or not:<br><br>What I type in a text message to a friend<br>","DefaultChoices":false,"DataExportTag":"39","QuestionType":"MC","Selector":"SAHR","SubSelector":"TX","DataVisibility":{"Private":false,"Hidden":false},"Configuration":{"QuestionDescriptionOption":"UseText","LabelPosition":"BELOW"},"QuestionDescription":"Indicate if the following is primarily the result of an algorithm or not: What I type in a text m...","Choices":{"1":{"Display":"Yes"},"2":{"Display":"No"}},"ChoiceOrder":["1","2"],"Validation":{"Settings":{"ForceResponse":"OFF","Type":"None"}},"RecodeValues":{"1":"0","2":"1"},"VariableNaming":[],"GradingData":[{"ChoiceID":"2","Grades":{"SC_3yiz1h5H6L2hvZY":"1"},"index":0}],"Language":[],"NextChoiceId":4,"NextAnswerId":4,"QuestionID":"QID1173"}},{"SurveyID":"SV_bQ9yBK6elNQlzFk","Element":"SQ","PrimaryAttribute":"QID1176","SecondaryAttribute":"Indicate if the following is primarily the result of an algorithm or not: When I read a direct me...","TertiaryAttribute":null,"Payload":{"QuestionText":"Indicate if the following is <u>primarily<\/u> the result of an algorithm or not:<br><br>When I read a direct message on a social media platform <br>","DefaultChoices":false,"DataExportTag":"42","QuestionType":"MC","Selector":"SAHR","SubSelector":"TX","DataVisibility":{"Private":false,"Hidden":false},"Configuration":{"QuestionDescriptionOption":"UseText","LabelPosition":"BELOW"},"QuestionDescription":"Indicate if the following is primarily the result of an algorithm or not: When I read a direct me...","Choices":{"1":{"Display":"Yes"},"2":{"Display":"No"}},"ChoiceOrder":["1","2"],"Validation":{"Settings":{"ForceResponse":"OFF","Type":"None"}},"RecodeValues":{"1":"0","2":"1"},"VariableNaming":[],"GradingData":[{"ChoiceID":"2","Grades":{"SC_3yiz1h5H6L2hvZY":"1"},"index":0}],"Language":[],"NextChoiceId":4,"NextAnswerId":4,"QuestionID":"QID1176"}},{"SurveyID":"SV_bQ9yBK6elNQlzFk","Element":"SQ","PrimaryAttribute":"QID1178","SecondaryAttribute":"Indicate if the following is primarily the result of an algorithm or not: Returning the results o...","TertiaryAttribute":null,"Payload":{"QuestionText":"Indicate if the following is <u>primarily<\/u> the result of an algorithm or not:<br><br> Returning the results of a search query on a search engine (e.g., Google)<br>","DefaultChoices":false,"DataExportTag":"44","QuestionType":"MC","Selector":"SAHR","SubSelector":"TX","DataVisibility":{"Private":false,"Hidden":false},"Configuration":{"QuestionDescriptionOption":"UseText","LabelPosition":"BELOW"},"QuestionDescription":"Indicate if the following is primarily the result of an algorithm or not: Returning the results o...","Choices":{"1":{"Display":"Yes"},"2":{"Display":"No"}},"ChoiceOrder":["1","2"],"Validation":{"Settings":{"ForceResponse":"OFF","Type":"None"}},"RecodeValues":{"1":"1","2":"0"},"VariableNaming":[],"GradingData":[{"ChoiceID":"1","Grades":{"SC_3yiz1h5H6L2hvZY":"1"},"index":0}],"Language":[],"NextChoiceId":4,"NextAnswerId":4,"QuestionID":"QID1178"}},{"SurveyID":"SV_bQ9yBK6elNQlzFk","Element":"SQ","PrimaryAttribute":"QID1179","SecondaryAttribute":"Indicate if the following is primarily the result of an algorithm or not: Dual authentication to...","TertiaryAttribute":null,"Payload":{"QuestionText":"Indicate if the following is <u>primarily<\/u> the result of an algorithm or not:<br><br> Dual authentication to access one of my accounts<br>","DefaultChoices":false,"DataExportTag":"45","QuestionType":"MC","Selector":"SAHR","SubSelector":"TX","DataVisibility":{"Private":false,"Hidden":false},"Configuration":{"QuestionDescriptionOption":"UseText","LabelPosition":"BELOW"},"QuestionDescription":"Indicate if the following is primarily the result of an algorithm or not: Dual authentication to...","Choices":{"1":{"Display":"Yes"},"2":{"Display":"No"}},"ChoiceOrder":["1","2"],"Validation":{"Settings":{"ForceResponse":"OFF","Type":"None"}},"RecodeValues":{"1":"1","2":"0"},"VariableNaming":[],"GradingData":[{"ChoiceID":"1","Grades":{"SC_3yiz1h5H6L2hvZY":"1"},"index":0}],"Language":[],"NextChoiceId":4,"NextAnswerId":4,"QuestionID":"QID1179"}},{"SurveyID":"SV_bQ9yBK6elNQlzFk","Element":"SQ","PrimaryAttribute":"QID1201","SecondaryAttribute":"What is the process of a machine learning model making a prediction based on new data called?","TertiaryAttribute":null,"Payload":{"QuestionText":"<span style=\"font-family:Arial,Helvetica,sans-serif;\">What is the process of a machine learning model making a prediction based on new data called?<\/span>","DefaultChoices":false,"DataExportTag":"46","QuestionType":"MC","Selector":"SAVR","SubSelector":"TX","DataVisibility":{"Private":false,"Hidden":false},"Configuration":{"QuestionDescriptionOption":"UseText","LabelPosition":"BELOW"},"QuestionDescription":"What is the process of a machine learning model making a prediction based on new data called?","Choices":{"1":{"Display":"Coding"},"2":{"Display":"Training"},"4":{"Display":"Testing"},"5":{"Display":"Inference"}},"ChoiceOrder":["1","2","4","5"],"Validation":{"Settings":{"ForceResponse":"OFF","Type":"None"}},"RecodeValues":{"1":"0","2":"0","4":"0","5":"1"},"VariableNaming":{"4":"Testing","5":"Inference"},"GradingData":[{"ChoiceID":"5","Grades":{"SC_3yiz1h5H6L2hvZY":"1"},"index":0}],"Language":[],"NextChoiceId":6,"NextAnswerId":4,"QuestionID":"QID1201"}},{"SurveyID":"SV_bQ9yBK6elNQlzFk","Element":"SQ","PrimaryAttribute":"QID1202","SecondaryAttribute":"Artificial intelligence seems to conjure answers out of thin air.","TertiaryAttribute":null,"Payload":{"QuestionText":"Artificial intelligence seems to conjure answers out of thin air.","DefaultChoices":false,"DataExportTag":"Q69","QuestionType":"MC","Selector":"SAHR","SubSelector":"TX","Configuration":{"QuestionDescriptionOption":"UseText","Autoscale":{"YScale":{"Name":"agreeDisagree","Type":"likert","Reverse":false}},"LabelPosition":"BELOW"},"QuestionDescription":"Artificial intelligence seems to conjure answers out of thin air.","Choices":{"9":{"Display":"Strongly disagree"},"10":{"Display":"Disagree"},"11":{"Display":"Somewhat disagree"},"12":{"Display":"Neither agree nor disagree"},"13":{"Display":"Somewhat agree"},"14":{"Display":"Agree"},"15":{"Display":"Strongly agree"}},"ChoiceOrder":["9","10","11","12","13","14","15"],"Validation":{"Settings":{"ForceResponse":"RequestResponse","ForceResponseType":"RequestResponse","Type":"None"}},"GradingData":[],"Language":[],"NextChoiceId":17,"NextAnswerId":1,"QuestionID":"QID1202","DataVisibility":{"Private":false,"Hidden":false},"RecodeValues":{"9":"1","10":"2","11":"3","12":"4","13":"5","14":"6","15":"7"}}},{"SurveyID":"SV_bQ9yBK6elNQlzFk","Element":"SQ","PrimaryAttribute":"QID1203","SecondaryAttribute":"In this section, we would like to know your opinions about artificial intelligence.Please note th...","TertiaryAttribute":null,"Payload":{"QuestionText":"<span style=\"font-size:19px;\"><span style=\"font-family:Arial,Helvetica,sans-serif;\">In this section, we would like to know your opinions about artificial intelligence.<br \/>\n<br \/>\n<strong>Please note that in this section THERE ARE NO RIGHT OR WRONG ANSWERS.<\/strong><br \/>\n<br \/>\nPlease indicate your level of agreement with the following statements based on your own opinions and feelings about artificial intelligence.<\/span><\/span>","DefaultChoices":false,"DataExportTag":"intro","QuestionID":"QID1203","QuestionType":"DB","Selector":"TB","Configuration":{"QuestionDescriptionOption":"UseText"},"QuestionDescription":"In this section, we would like to know your opinions about artificial intelligence.Please note th...","ChoiceOrder":[],"Validation":{"Settings":{"Type":"None"}},"GradingData":[],"Language":[],"NextChoiceId":4,"NextAnswerId":1,"DataVisibility":{"Private":false,"Hidden":false}}},{"SurveyID":"SV_bQ9yBK6elNQlzFk","Element":"SQ","PrimaryAttribute":"QID1204","SecondaryAttribute":"Artificial intelligence seems like wizardry.","TertiaryAttribute":null,"Payload":{"QuestionText":"Artificial intelligence seems like wizardry.","DefaultChoices":false,"DataExportTag":"Q71","QuestionType":"MC","Selector":"SAHR","SubSelector":"TX","DataVisibility":{"Private":false,"Hidden":false},"Configuration":{"QuestionDescriptionOption":"UseText","Autoscale":{"YScale":{"Name":"agreeDisagree","Type":"likert","Reverse":false}},"LabelPosition":"BELOW"},"QuestionDescription":"Artificial intelligence seems like wizardry.","Choices":{"9":{"Display":"Strongly disagree"},"10":{"Display":"Disagree"},"11":{"Display":"Somewhat disagree"},"12":{"Display":"Neither agree nor disagree"},"13":{"Display":"Somewhat agree"},"14":{"Display":"Agree"},"15":{"Display":"Strongly agree"}},"ChoiceOrder":["9","10","11","12","13","14","15"],"Validation":{"Settings":{"ForceResponse":"RequestResponse","ForceResponseType":"RequestResponse","Type":"None"}},"GradingData":[],"Language":[],"NextChoiceId":17,"NextAnswerId":1,"QuestionID":"QID1204","RecodeValues":{"9":"1","10":"2","11":"3","12":"4","13":"5","14":"6","15":"7"}}},{"SurveyID":"SV_bQ9yBK6elNQlzFk","Element":"SQ","PrimaryAttribute":"QID1205","SecondaryAttribute":"Artificial intelligence seems supernatural.","TertiaryAttribute":null,"Payload":{"QuestionText":"Artificial intelligence seems supernatural.","DefaultChoices":false,"DataExportTag":"Q72","QuestionType":"MC","Selector":"SAHR","SubSelector":"TX","DataVisibility":{"Private":false,"Hidden":false},"Configuration":{"QuestionDescriptionOption":"UseText","Autoscale":{"YScale":{"Name":"agreeDisagree","Type":"likert","Reverse":false}},"LabelPosition":"BELOW"},"QuestionDescription":"Artificial intelligence seems supernatural.","Choices":{"9":{"Display":"Strongly disagree"},"10":{"Display":"Disagree"},"11":{"Display":"Somewhat disagree"},"12":{"Display":"Neither agree nor disagree"},"13":{"Display":"Somewhat agree"},"14":{"Display":"Agree"},"15":{"Display":"Strongly agree"}},"ChoiceOrder":["9","10","11","12","13","14","15"],"Validation":{"Settings":{"ForceResponse":"RequestResponse","ForceResponseType":"RequestResponse","Type":"None"}},"GradingData":[],"Language":[],"NextChoiceId":17,"NextAnswerId":1,"QuestionID":"QID1205","RecodeValues":{"9":"1","10":"2","11":"3","12":"4","13":"5","14":"6","15":"7"}}},{"SurveyID":"SV_bQ9yBK6elNQlzFk","Element":"SQ","PrimaryAttribute":"QID1206","SecondaryAttribute":"Artificial intelligence seems magical.","TertiaryAttribute":null,"Payload":{"QuestionText":"Artificial intelligence seems magical.","DefaultChoices":false,"DataExportTag":"Q73","QuestionType":"MC","Selector":"SAHR","SubSelector":"TX","DataVisibility":{"Private":false,"Hidden":false},"Configuration":{"QuestionDescriptionOption":"UseText","Autoscale":{"YScale":{"Name":"agreeDisagree","Type":"likert","Reverse":false}},"LabelPosition":"BELOW"},"QuestionDescription":"Artificial intelligence seems magical.","Choices":{"9":{"Display":"Strongly disagree"},"10":{"Display":"Disagree"},"11":{"Display":"Somewhat disagree"},"12":{"Display":"Neither agree nor disagree"},"13":{"Display":"Somewhat agree"},"14":{"Display":"Agree"},"15":{"Display":"Strongly agree"}},"ChoiceOrder":["9","10","11","12","13","14","15"],"Validation":{"Settings":{"ForceResponse":"RequestResponse","ForceResponseType":"RequestResponse","Type":"None"}},"GradingData":[],"Language":[],"NextChoiceId":17,"NextAnswerId":1,"QuestionID":"QID1206","RecodeValues":{"9":"1","10":"2","11":"3","12":"4","13":"5","14":"6","15":"7"}}},{"SurveyID":"SV_bQ9yBK6elNQlzFk","Element":"SQ","PrimaryAttribute":"QID1207","SecondaryAttribute":"Artificial intelligence seems irrational.","TertiaryAttribute":null,"Payload":{"QuestionText":"Artificial intelligence seems irrational.","DefaultChoices":false,"DataExportTag":"Q74","QuestionType":"MC","Selector":"SAHR","SubSelector":"TX","DataVisibility":{"Private":false,"Hidden":false},"Configuration":{"QuestionDescriptionOption":"UseText","Autoscale":{"YScale":{"Name":"agreeDisagree","Type":"likert","Reverse":false}},"LabelPosition":"BELOW"},"QuestionDescription":"Artificial intelligence seems irrational.","Choices":{"9":{"Display":"Strongly disagree"},"10":{"Display":"Disagree"},"11":{"Display":"Somewhat disagree"},"12":{"Display":"Neither agree nor disagree"},"13":{"Display":"Somewhat agree"},"14":{"Display":"Agree"},"15":{"Display":"Strongly agree"}},"ChoiceOrder":["9","10","11","12","13","14","15"],"Validation":{"Settings":{"ForceResponse":"RequestResponse","ForceResponseType":"RequestResponse","Type":"None"}},"GradingData":[],"Language":[],"NextChoiceId":17,"NextAnswerId":1,"QuestionID":"QID1207","RecodeValues":{"9":"1","10":"2","11":"3","12":"4","13":"5","14":"6","15":"7"}}},{"SurveyID":"SV_bQ9yBK6elNQlzFk","Element":"SQ","PrimaryAttribute":"QID1208","SecondaryAttribute":"Artificial intelligence has an air of mystique.","TertiaryAttribute":null,"Payload":{"QuestionText":"Artificial intelligence has an air of mystique.","DefaultChoices":false,"DataExportTag":"Q75","QuestionType":"MC","Selector":"SAHR","SubSelector":"TX","DataVisibility":{"Private":false,"Hidden":false},"Configuration":{"QuestionDescriptionOption":"UseText","Autoscale":{"YScale":{"Name":"agreeDisagree","Type":"likert","Reverse":false}},"LabelPosition":"BELOW"},"QuestionDescription":"Artificial intelligence has an air of mystique.","Choices":{"9":{"Display":"Strongly disagree"},"10":{"Display":"Disagree"},"11":{"Display":"Somewhat disagree"},"12":{"Display":"Neither agree nor disagree"},"13":{"Display":"Somewhat agree"},"14":{"Display":"Agree"},"15":{"Display":"Strongly agree"}},"ChoiceOrder":["9","10","11","12","13","14","15"],"Validation":{"Settings":{"ForceResponse":"RequestResponse","ForceResponseType":"RequestResponse","Type":"None"}},"GradingData":[],"Language":[],"NextChoiceId":17,"NextAnswerId":1,"QuestionID":"QID1208","RecodeValues":{"9":"1","10":"2","11":"3","12":"4","13":"5","14":"6","15":"7"}}},{"SurveyID":"SV_bQ9yBK6elNQlzFk","Element":"SQ","PrimaryAttribute":"QID1209","SecondaryAttribute":"If I could see how artificial intelligence works, it would look like a magic show.","TertiaryAttribute":null,"Payload":{"QuestionText":"If I could see how artificial intelligence works, it would look like a magic show.","DefaultChoices":false,"DataExportTag":"Q76","QuestionType":"MC","Selector":"SAHR","SubSelector":"TX","DataVisibility":{"Private":false,"Hidden":false},"Configuration":{"QuestionDescriptionOption":"UseText","Autoscale":{"YScale":{"Name":"agreeDisagree","Type":"likert","Reverse":false}},"LabelPosition":"BELOW"},"QuestionDescription":"If I could see how artificial intelligence works, it would look like a magic show.","Choices":{"9":{"Display":"Strongly disagree"},"10":{"Display":"Disagree"},"11":{"Display":"Somewhat disagree"},"12":{"Display":"Neither agree nor disagree"},"13":{"Display":"Somewhat agree"},"14":{"Display":"Agree"},"15":{"Display":"Strongly agree"}},"ChoiceOrder":["9","10","11","12","13","14","15"],"Validation":{"Settings":{"ForceResponse":"RequestResponse","ForceResponseType":"RequestResponse","Type":"None"}},"GradingData":[],"Language":[],"NextChoiceId":17,"NextAnswerId":1,"QuestionID":"QID1209","RecodeValues":{"9":"1","10":"2","11":"3","12":"4","13":"5","14":"6","15":"7"}}},{"SurveyID":"SV_bQ9yBK6elNQlzFk","Element":"SQ","PrimaryAttribute":"QID1219","SecondaryAttribute":"For the next part of the survey, we will ask you to think about various tasks that can be carried...","TertiaryAttribute":null,"Payload":{"ChoiceOrder":[],"Configuration":{"QuestionDescriptionOption":"UseText"},"DataExportTag":"Q45","DefaultChoices":false,"GradingData":[],"Language":[],"NextAnswerId":1,"NextChoiceId":4,"QuestionDescription":"For the next part of the survey, we will ask you to think about various tasks that can be carried...","QuestionID":"QID1219","QuestionText":"<span style=\"font-size:19px;\"><span style=\"font-family:Arial,Helvetica,sans-serif;\">For the next part of the survey, we will ask you to think about various tasks that can be carried out either by a person or automated and be carried out by an AI algorithm.<\/span><\/span>","QuestionText_Unsafe":"For the next part of the survey, we will ask you to think about various tasks that can be carried out either by a person or automated and be carried out by an AI algorithm.","QuestionType":"DB","Selector":"TB","Validation":{"Settings":{"Type":"None"}},"DataVisibility":{"Private":false,"Hidden":false}}},{"SurveyID":"SV_bQ9yBK6elNQlzFk","Element":"SQ","PrimaryAttribute":"QID1220","SecondaryAttribute":"For each of the following tasks, please rate the extent to which you would prefer to have the key...","TertiaryAttribute":null,"Payload":{"AnswerOrder":["1","2","3","4","5","6","7"],"Answers":{"1":{"Display":"Definitely prefer the human <br> 1"},"2":{"Display":"2"},"3":{"Display":"3"},"4":{"Display":"Indifferent <br> 4"},"5":{"Display":"5"},"6":{"Display":"6"},"7":{"Display":"Definitely prefer the AI algorithm <br> 7"}},"ChoiceDataExportTags":{"1":"tasks_1","2":"tasks_2","3":"tasks_3","4":"tasks_4","5":"tasks_5"},"ChoiceOrder":["1","2","3","4","5"],"Choices":{"1":{"Display":"Creating a new recipe"},"2":{"Display":"Designing a business plan"},"3":{"Display":"Recommending what to do on a date"},"4":{"Display":"On-boarding\/training new employees"},"5":{"Display":"Coming up with a funny story"}},"Configuration":{"ChoiceColumnWidth":25,"MobileFirst":true,"QuestionDescriptionOption":"UseText","TextPosition":"inline","WhiteSpace":"ON"},"DataExportTag":"tasks","DataVisibility":{"Hidden":false,"Private":false},"DefaultChoices":false,"GradingData":[],"Language":[],"NextAnswerId":8,"NextChoiceId":28,"QuestionDescription":"For each of the following tasks, please rate the extent to which you would prefer to have the key...","QuestionID":"QID1220","QuestionText":"For each of the following tasks, please rate the extent to which you would prefer to have the key decision for that task carried out by a human or by an AI algorithm:","QuestionText_Unsafe":"For each of the following tasks, please rate the extent to which you would prefer to have the key decision for that task carried out by a human or by an AI algorithm:","QuestionType":"Matrix","Randomization":{"Advanced":null,"TotalRandSubset":"","Type":"All"},"RecodeValues":{"1":"1","2":"2","3":"3","4":"4","5":"5","6":"6","7":"7"},"Selector":"Likert","SubSelector":"SingleAnswer","Validation":{"Settings":{"ForceResponse":"RequestResponse","ForceResponseType":"RequestResponse","Type":"None"}},"VariableNaming":{"1":"Definitely prefer the human <br> 1","2":"2","3":"3","4":"Indifferent <br> 4","5":"5","6":"6","7":"Definitely prefer the AI algorithm <br> 7"}}},{"SurveyID":"SV_bQ9yBK6elNQlzFk","Element":"SQ","PrimaryAttribute":"QID1222","SecondaryAttribute":"Please select the industry that best describes your field of expertise.","TertiaryAttribute":null,"Payload":{"QuestionText":"Please select the industry that best describes your field of expertise.","DataExportTag":"industry","QuestionType":"MC","Selector":"SAVR","SubSelector":"TX","Configuration":{"QuestionDescriptionOption":"UseText"},"QuestionDescription":"Please select the industry that best describes your field of expertise.","Choices":{"1":{"Display":"Healthcare"},"2":{"Display":"Art and design"},"3":{"Display":"Police or firefighter"},"4":{"Display":"Real Estate and building \/ trade professional"},"5":{"Display":"Technology"},"6":{"Display":"Engineer \/ Computer science"},"7":{"Display":"Physician"},"8":{"Display":"Other, please specify","TextEntry":"true"}},"ChoiceOrder":["1","2","3","4","5","6","7","8"],"Validation":{"Settings":{"ForceResponse":"OFF","Type":"None"}},"Language":[],"NextChoiceId":9,"NextAnswerId":1,"QuestionID":"QID1222"}},{"SurveyID":"SV_bQ9yBK6elNQlzFk","Element":"SQ","PrimaryAttribute":"QID890","SecondaryAttribute":"Do you identify as...","TertiaryAttribute":null,"Payload":{"QuestionText":"<span style=\"font-size:19px;\"><span style=\"font-family:arial,helvetica,sans-serif;\">Do you identify as...<\/span><\/span>","DataExportTag":"Gender","QuestionType":"MC","Selector":"SAVR","SubSelector":"TX","DataVisibility":{"Private":false,"Hidden":false},"Configuration":{"QuestionDescriptionOption":"UseText","LabelPosition":"BELOW"},"QuestionDescription":"Do you identify as...","Choices":{"1":{"Display":"Male"},"2":{"Display":"Female"},"3":{"Display":"Non-binary \/ Third gender"},"4":{"Display":"Other"},"5":{"Display":"Prefer not to say"}},"ChoiceOrder":["1","2","3","4","5"],"Validation":{"Settings":{"ForceResponse":"ON","ForceResponseType":"ON","Type":"None"}},"RecodeValues":{"1":"1","2":"0","3":2,"4":"3","5":"4"},"VariableNaming":{"1":"Male","2":"Female","3":"Non-binary \/ Third gender","4":"Other","5":"Prefer not to say"},"Language":[],"NextChoiceId":6,"NextAnswerId":1,"QuestionID":"QID890"}},{"SurveyID":"SV_bQ9yBK6elNQlzFk","Element":"SQ","PrimaryAttribute":"QID892","SecondaryAttribute":"How old are you (in years)?","TertiaryAttribute":null,"Payload":{"QuestionText":"<span style=\"font-size:19px;\"><span style=\"font-family:arial,helvetica,sans-serif;\">How old are you (in years)?<\/span><\/span>","DefaultChoices":false,"DataExportTag":"Age","QuestionType":"TE","Selector":"SL","DataVisibility":{"Private":false,"Hidden":false},"Configuration":{"QuestionDescriptionOption":"UseText","InputWidth":139,"InputHeight":29,"AllowFreeResponse":"false"},"QuestionDescription":"How old are you (in years)?","Randomization":{"Type":"None"},"Validation":{"Settings":{"ForceResponse":"ON","ForceResponseType":"ON","Type":"ContentType","ContentType":"ValidNumber","ValidDateType":"DateWithFormat","ValidPhoneType":"ValidUSPhone","ValidZipType":"ValidUSZip"}},"GradingData":[],"Language":[],"NextChoiceId":1,"NextAnswerId":1,"QuestionID":"QID892","SearchSource":{"AllowFreeResponse":"false"}}},{"SurveyID":"SV_bQ9yBK6elNQlzFk","Element":"SQ","PrimaryAttribute":"QID980","SecondaryAttribute":"Please indicate you are taking the time to read the instructions carefully by completing the foll...","TertiaryAttribute":null,"Payload":{"QuestionText":"Please indicate you are taking the time to read the instructions carefully by completing the following simple math question. If Jennie starts with twelve eggs and uses four eggs to make an omelette, how many eggs does she have left? Please write a numeric answer only (no letters). Answering this question incorrectly will prevent you from taking the survey - the survey will terminate here and you will not be paid.","DefaultChoices":false,"DataExportTag":"Q70","QuestionType":"TE","Selector":"SL","DataVisibility":{"Private":false,"Hidden":false},"Configuration":{"QuestionDescriptionOption":"UseText"},"QuestionDescription":"Please indicate you are taking the time to read the instructions carefully by completing the foll...","Validation":{"Settings":{"ForceResponse":"OFF","ForceResponseType":"ON","Type":"ContentType","ContentType":"ValidNumber","ValidDateType":"DateWithFormat","ValidPhoneType":"ValidUSPhone","ValidZipType":"ValidUSZip"}},"GradingData":[],"Language":[],"NextChoiceId":6,"NextAnswerId":1,"SearchSource":{"AllowFreeResponse":"false"},"QuestionID":"QID980"}},{"SurveyID":"SV_bQ9yBK6elNQlzFk","Element":"SQ","PrimaryAttribute":"QID981","SecondaryAttribute":"Click to write the question text","TertiaryAttribute":null,"Payload":{"QuestionText":"Click to write the question text","DefaultChoices":false,"DataExportTag":"Q71","QuestionType":"Meta","Selector":"Browser","DataVisibility":{"Private":false,"Hidden":false},"Configuration":{"QuestionDescriptionOption":"UseText"},"QuestionDescription":"Click to write the question text","Choices":{"1":{"Display":"Browser","TextEntry":1},"2":{"Display":"Version","TextEntry":1},"3":{"Display":"Operating System","TextEntry":1},"4":{"Display":"Screen Resolution","TextEntry":1},"5":{"Display":"Flash Version","TextEntry":1},"6":{"Display":"Java Support","TextEntry":1},"7":{"Display":"User Agent","TextEntry":1}},"GradingData":[],"Language":[],"NextChoiceId":4,"NextAnswerId":1,"QuestionID":"QID981"}},{"SurveyID":"SV_bQ9yBK6elNQlzFk","Element":"STAT","PrimaryAttribute":"Survey Statistics","SecondaryAttribute":null,"TertiaryAttribute":null,"Payload":{"MobileCompatible":true,"ID":"Survey Statistics"}}]}