{"SurveyEntry":{"SurveyID":"SV_bqgf48GueBCVgDI","SurveyName":"ALT_prereg_AILT 17_magical vs capable AI songs","SurveyDescription":null,"SurveyOwnerID":"UR_blpMZq3YMijFTq4","SurveyBrandID":"usc","DivisionID":"DV_5yID8hzy7OZXHj7","SurveyLanguage":"EN","SurveyActiveResponseSet":"RS_1zBbjInYtzmFMLY","SurveyStatus":"Active","SurveyStartDate":"0000-00-00 00:00:00","SurveyExpirationDate":"0000-00-00 00:00:00","SurveyCreationDate":"2024-01-30 10:28:19","CreatorID":"UR_blpMZq3YMijFTq4","LastModified":"2025-03-24 10:26:14","LastAccessed":"0000-00-00 00:00:00","LastActivated":"2024-01-30 10:32:51","Deleted":null},"SurveyElements":[{"SurveyID":"SV_bqgf48GueBCVgDI","Element":"BL","PrimaryAttribute":"Survey Blocks","SecondaryAttribute":null,"TertiaryAttribute":null,"Payload":{"1":{"Type":"Trash","Description":"Trash \/ Unused Questions","ID":"BL_77fd99ZYV1VcZkp","BlockElements":[{"Type":"Question","QuestionID":"QID1364"}],"Options":{"BlockLocking":"false","RandomizeQuestions":"false","BlockVisibility":"Collapsed"}},"67":{"Type":"Standard","SubType":"","Description":"attention check","ID":"BL_eDLOw8mxWR4RifQ","Options":{"BlockLocking":"false","RandomizeQuestions":"false","BlockVisibility":"Expanded"},"BlockElements":[{"Type":"Question","QuestionID":"QID980"},{"Type":"Question","QuestionID":"QID981"},{"Type":"Page Break"},{"Type":"Question","QuestionID":"QID1365","SkipLogic":[{"SkipLogicID":1,"ChoiceLocator":"q:\/\/QID1365\/SelectableChoice\/1","Condition":"Selected","SkipToDestination":"ENDOFBLOCK","Locator":"q:\/\/QID1365\/SelectableChoice\/1","SkipToDescription":"<div style=\"text-align: cen... <strong>discontinue<\/strong>  <strong>Is Selected<\/strong>","Description":"Condition: <strong title=\"discontinue\">discontinue<\/strong> <strong>Is Selected<\/strong>. Skip To: <strong>End of Block<\/strong>.","QuestionID":"QID1365"}]},{"Type":"Page Break"},{"Type":"Question","QuestionID":"QID1366"},{"Type":"Page Break"},{"Type":"Question","QuestionID":"QID1367"}]},"72":{"Type":"Standard","SubType":"","Description":"new AILT 17 questions","ID":"BL_ewzPsa5qtsuZwAS","BlockElements":[{"Type":"Question","QuestionID":"QID1355"},{"Type":"Question","QuestionID":"QID1059"},{"Type":"Page Break"},{"Type":"Question","QuestionID":"QID1063"},{"Type":"Page Break"},{"Type":"Question","QuestionID":"QID1068"},{"Type":"Page Break"},{"Type":"Question","QuestionID":"QID1073"},{"Type":"Page Break"},{"Type":"Question","QuestionID":"QID1103"},{"Type":"Page Break"},{"Type":"Question","QuestionID":"QID1104"},{"Type":"Page Break"},{"Type":"Question","QuestionID":"QID1106"},{"Type":"Page Break"},{"Type":"Question","QuestionID":"QID1109"},{"Type":"Page Break"},{"Type":"Question","QuestionID":"QID1112"},{"Type":"Page Break"},{"Type":"Question","QuestionID":"QID1151"},{"Type":"Page Break"},{"Type":"Question","QuestionID":"QID1118"},{"Type":"Page Break"},{"Type":"Question","QuestionID":"QID1159"},{"Type":"Page Break"},{"Type":"Question","QuestionID":"QID1160"},{"Type":"Page Break"},{"Type":"Question","QuestionID":"QID1162"},{"Type":"Page Break"},{"Type":"Question","QuestionID":"QID1163"},{"Type":"Page Break"},{"Type":"Question","QuestionID":"QID1165"},{"Type":"Page Break"},{"Type":"Question","QuestionID":"QID1166"},{"Type":"Page Break"}],"Options":{"BlockLocking":false,"RandomizeQuestions":"Advanced","Randomization":{"Advanced":{"FixedOrder":["QID1355","{~Randomized~}","{~Randomized~}","{~Randomized~}","{~Randomized~}","{~Randomized~}","{~Randomized~}","{~Randomized~}","{~Randomized~}","{~Randomized~}","{~Randomized~}","{~Randomized~}","{~Randomized~}","{~Randomized~}","{~Randomized~}","{~Randomized~}","{~Randomized~}","{~Randomized~}"],"RandomizeAll":["QID1059","QID1063","QID1068","QID1073","QID1103","QID1104","QID1106","QID1109","QID1112","QID1118","QID1151","QID1159","QID1160","QID1162","QID1163","QID1165","QID1166"],"RandomSubSet":[],"Undisplayed":[],"TotalRandSubset":0,"QuestionsPerPage":"1"},"EvenPresentation":false},"BlockVisibility":"Collapsed"}},"79":{"Type":"Standard","SubType":"","Description":"demo","ID":"BL_bwOKwMc7YPzdvEi","BlockElements":[{"Type":"Page Break"},{"Type":"Question","QuestionID":"QID1251"},{"Type":"Question","QuestionID":"QID1252"},{"Type":"Question","QuestionID":"QID1255"},{"Type":"Page Break"}],"Options":{"BlockLocking":"false","RandomizeQuestions":"false","BlockVisibility":"Collapsed"}},"80":{"Type":"Standard","SubType":"","Description":"consent","ID":"BL_5vVTOs9kmhU2bOe","Options":{"BlockLocking":"false","RandomizeQuestions":"false","BlockVisibility":"Collapsed"},"BlockElements":[{"Type":"Question","QuestionID":"QID1137"},{"Type":"Page Break"},{"Type":"Question","QuestionID":"QID1138"}]},"82":{"Type":"Standard","SubType":"","Description":"ending","ID":"BL_1Tua9iN7lTeI6fc","BlockElements":[{"Type":"Question","QuestionID":"QID1140"}],"Options":{"BlockLocking":"false","RandomizeQuestions":"false","BlockVisibility":"Collapsed"}},"93":{"Type":"Standard","SubType":"","Description":"magic","ID":"BL_dmSsLRZ6IidUWUe","BlockElements":[{"Type":"Question","QuestionID":"QID1359"},{"Type":"Question","QuestionID":"QID1362"},{"Type":"Page Break"},{"Type":"Question","QuestionID":"QID1326"},{"Type":"Page Break"}],"Options":{"BlockLocking":false,"RandomizeQuestions":"false","BlockVisibility":"Expanded"}},"99":{"Type":"Standard","SubType":"","Description":"capable","ID":"BL_39on64cpYLnCBAG","BlockElements":[{"Type":"Question","QuestionID":"QID1360"},{"Type":"Question","QuestionID":"QID1363"},{"Type":"Page Break"},{"Type":"Question","QuestionID":"QID1361"},{"Type":"Page Break"}],"Options":{"BlockLocking":false,"RandomizeQuestions":"false","BlockVisibility":"Expanded"}}}},{"SurveyID":"SV_bqgf48GueBCVgDI","Element":"BR","PrimaryAttribute":"FL_45","SecondaryAttribute":null,"TertiaryAttribute":null,"Payload":{"FL_81":0,"FL_42":0,"FL_80":0,"FL_78":0}},{"SurveyID":"SV_bqgf48GueBCVgDI","Element":"FL","PrimaryAttribute":"Survey Flow","SecondaryAttribute":null,"TertiaryAttribute":null,"Payload":{"Type":"Root","FlowID":"FL_1","Flow":[{"Type":"EmbeddedData","FlowID":"FL_348","EmbeddedData":[{"Description":"rid","Type":"Recipient","Field":"rid","VariableType":"String","DataVisibility":[],"AnalyzeText":false},{"Description":"age","Type":"Recipient","Field":"age","VariableType":"String","DataVisibility":[],"AnalyzeText":false},{"Description":"gender","Type":"Recipient","Field":"gender","VariableType":"String","DataVisibility":[],"AnalyzeText":false},{"Description":"hhi","Type":"Recipient","Field":"hhi","VariableType":"String","DataVisibility":[],"AnalyzeText":false},{"Description":"ethnicity","Type":"Recipient","Field":"ethnicity","VariableType":"String","DataVisibility":[],"AnalyzeText":false},{"Description":"hispanic","Type":"Recipient","Field":"hispanic","VariableType":"String","DataVisibility":[],"AnalyzeText":false},{"Description":"education","Type":"Recipient","Field":"education","VariableType":"String","DataVisibility":[],"AnalyzeText":false},{"Description":"political_party","Type":"Recipient","Field":"political_party","VariableType":"String","DataVisibility":[],"AnalyzeText":false},{"Description":"region","Type":"Recipient","Field":"region","VariableType":"String","DataVisibility":[],"AnalyzeText":false},{"Description":"zip","Type":"Recipient","Field":"zip","VariableType":"String","DataVisibility":[],"AnalyzeText":false}]},{"Type":"Standard","ID":"BL_5vVTOs9kmhU2bOe","FlowID":"FL_233","Autofill":[]},{"Type":"Standard","ID":"BL_eDLOw8mxWR4RifQ","FlowID":"FL_166","Autofill":[]},{"Type":"Branch","FlowID":"FL_221","Description":"New Branch","BranchLogic":{"0":{"0":{"LogicType":"Question","QuestionID":"QID980","QuestionIsInLoop":"no","ChoiceLocator":"q:\/\/QID980\/ChoiceTextEntryValue","Operator":"NotEqualTo","QuestionIDFromLocator":"QID980","LeftOperand":"q:\/\/QID980\/ChoiceTextEntryValue","RightOperand":"8","Type":"Expression","Description":"<span class=\"ConjDesc\">If<\/span> <span class=\"QuestionDesc\">If you are not human, please enter \"Yes\" in the space below.<\/span> <span class=\"LeftOpDesc\">Text Response<\/span> <span class=\"OpDesc\">Is Not Equal to<\/span> <span class=\"RightOpDesc\"> 8 <\/span>"},"Type":"If"},"Type":"BooleanExpression"},"Flow":[{"Type":"EndSurvey","FlowID":"FL_222","EndingType":"Advanced","Options":{"Advanced":"true","SurveyTermination":"DisplayMessage","EOSMessageLibrary":"UR_3x6Ync8C6BvApQ9","EOSMessage":"MS_6yWCacwFBg1pOGa"}}]},{"Type":"BlockRandomizer","FlowID":"FL_331","SubSet":1,"EvenPresentation":true,"Flow":[{"Type":"EmbeddedData","FlowID":"FL_329","EmbeddedData":[{"Description":"condition","Type":"Custom","Field":"condition","VariableType":"String","DataVisibility":[],"AnalyzeText":false,"Value":"1"},{"Description":"cond","Type":"Custom","Field":"cond","VariableType":"String","DataVisibility":[],"AnalyzeText":false,"Value":"magical"}]},{"Type":"EmbeddedData","FlowID":"FL_330","EmbeddedData":[{"Description":"condition","Type":"Custom","Field":"condition","VariableType":"String","DataVisibility":[],"AnalyzeText":false,"Value":"2"},{"Description":"cond","Type":"Custom","Field":"cond","VariableType":"String","DataVisibility":[],"AnalyzeText":false,"Value":"capable"}]}]},{"Type":"Branch","FlowID":"FL_332","Description":"New Branch","BranchLogic":{"0":{"0":{"LogicType":"EmbeddedField","LeftOperand":"condition","Operator":"EqualTo","RightOperand":"1","_HiddenExpression":false,"Type":"Expression","Description":"<span class=\"ConjDesc\">If<\/span>  <span class=\"LeftOpDesc\">condition<\/span> <span class=\"OpDesc\">Is Equal to<\/span> <span class=\"RightOpDesc\"> 1 <\/span>"},"Type":"If"},"Type":"BooleanExpression"},"Flow":[{"Type":"Standard","ID":"BL_dmSsLRZ6IidUWUe","FlowID":"FL_300","Autofill":[]},{"Type":"Block","ID":"BL_ewzPsa5qtsuZwAS","FlowID":"FL_338","Autofill":[]}]},{"Type":"Branch","FlowID":"FL_333","Description":"New Branch","BranchLogic":{"0":{"0":{"LogicType":"EmbeddedField","LeftOperand":"condition","Operator":"EqualTo","RightOperand":"2","_HiddenExpression":false,"Type":"Expression","Description":"<span class=\"ConjDesc\">If<\/span>  <span class=\"LeftOpDesc\">condition<\/span> <span class=\"OpDesc\">Is Equal to<\/span> <span class=\"RightOpDesc\"> 2 <\/span>"},"Type":"If"},"Type":"BooleanExpression"},"Flow":[{"Type":"Standard","ID":"BL_39on64cpYLnCBAG","FlowID":"FL_328","Autofill":[]},{"Type":"Block","ID":"BL_ewzPsa5qtsuZwAS","FlowID":"FL_342","Autofill":[]}]},{"Type":"Block","ID":"BL_bwOKwMc7YPzdvEi","FlowID":"FL_284","Autofill":[]},{"Type":"EndSurvey","FlowID":"FL_349","EndingType":"Advanced","Options":{"Advanced":"true","SurveyTermination":"Redirect","EOSRedirectURL":"https:\/\/notch.insights.supply\/cb?token=f521fff7-d879-4fdc-958c-2b96b0a90323&RID=${e:\/\/Field\/rid}"}}],"Properties":{"Count":349,"RemovedFieldsets":[]}}},{"SurveyID":"SV_bqgf48GueBCVgDI","Element":"NT","PrimaryAttribute":"NT_0c8DJbqRFXNeKma","SecondaryAttribute":null,"TertiaryAttribute":null,"Payload":{"Notes":[{"Message":"this DV aims at measuring again cancel culture -- it is not great asking this AFTER the tweet variable (the open ended question), but I thought it is still better than the other way around (this question would prime the content of the tweet if was before it).","ID":"NO_4YnaKqMMyPtOiH4","UserID":"UR_0DGPQJLrI0b5TYp","Timestamp":1629389000,"Removed":false}],"UserStatuses":{"UR_0DGPQJLrI0b5TYp":"Expanded","UR_9oanLmhGTAFrKzH":"Expanded"},"ParentID":"QID970","ID":"NT_0c8DJbqRFXNeKma"}},{"SurveyID":"SV_bqgf48GueBCVgDI","Element":"NT","PrimaryAttribute":"NT_2hudy3RbXUhASlU","SecondaryAttribute":null,"TertiaryAttribute":null,"Payload":{"Notes":[{"Message":"https:\/\/ecommons.cornell.edu\/server\/api\/core\/bitstreams\/23000cda-81b8-45c5-9440-5f00765b6c85\/content","ID":"NO_39vSHXlv7CUoNGC","UserID":"UR_eKWKBNZMVrvGjTE","Timestamp":1700296061,"Removed":false}],"UserStatuses":{"UR_eKWKBNZMVrvGjTE":"Expanded"},"ParentID":"QID1325","ID":"NT_2hudy3RbXUhASlU"}},{"SurveyID":"SV_bqgf48GueBCVgDI","Element":"NT","PrimaryAttribute":"NT_2nmAL5NdfgJ3KPc","SecondaryAttribute":null,"TertiaryAttribute":null,"Payload":{"Notes":[{"Message":"The intuitive answers to these questions that \"system 1\" gives typically are: 10 cents, 100 minutes, and 24 days; while the correct solutions are: 5 cents, 5 minutes, and 47 days","ID":"NO_1LyeKxbbqnpzDIW","UserID":"UR_0DGPQJLrI0b5TYp","Timestamp":1629389302,"Removed":false}],"UserStatuses":{"UR_0DGPQJLrI0b5TYp":"Expanded","UR_9oanLmhGTAFrKzH":"Expanded"},"ParentID":"QID973","ID":"NT_2nmAL5NdfgJ3KPc"}},{"SurveyID":"SV_bqgf48GueBCVgDI","Element":"NT","PrimaryAttribute":"NT_3PYJiyQI9ogxkUe","SecondaryAttribute":null,"TertiaryAttribute":null,"Payload":{"Notes":[{"Message":"Should we let them know that incorrect answers will not impact their compensation? I'm thinking it may be helpful since we tell them that failing the attention checks will impact their compensation.","ID":"NO_2h4g9ZwwE7aXzE2","UserID":"UR_sERAlAGZqpbfpbl","Timestamp":1650990430,"Removed":true},{"Message":"Done!","ID":"NO_ePQ3Y3QfZvIqPLE","UserID":"UR_3x6Ync8C6BvApQ9","Timestamp":1660839439,"Removed":true}],"UserStatuses":{"UR_sERAlAGZqpbfpbl":"Expanded","UR_3x6Ync8C6BvApQ9":"Expanded"},"ParentID":"QID1029","ID":"NT_3PYJiyQI9ogxkUe"}},{"SurveyID":"SV_bqgf48GueBCVgDI","Element":"NT","PrimaryAttribute":"NT_54s6cNQuAJZxFeC","SecondaryAttribute":null,"TertiaryAttribute":null,"Payload":{"Notes":[{"Message":"http:\/\/lcfi.ac.uk\/media\/uploads\/files\/CaveDihal_HopesFears_Nature.pdf","ID":"NO_1TU9GqiQE4ar7Nk","UserID":"UR_eKWKBNZMVrvGjTE","Timestamp":1698166828,"Removed":false}],"UserStatuses":{"UR_eKWKBNZMVrvGjTE":"Expanded"},"ParentID":"QID1283","ID":"NT_54s6cNQuAJZxFeC"}},{"SurveyID":"SV_bqgf48GueBCVgDI","Element":"NT","PrimaryAttribute":"NT_5yVnVGmUKU0dFP0","SecondaryAttribute":null,"TertiaryAttribute":null,"Payload":{"Notes":[{"Message":"https:\/\/www.sciencedirect.com\/science\/article\/abs\/pii\/S1053810001905069","ID":"NO_3Pl6BIEB59W5tmS","UserID":"UR_0DGPQJLrI0b5TYp","Timestamp":1629389966,"Removed":false}],"UserStatuses":{"UR_0DGPQJLrI0b5TYp":"Expanded","UR_9oanLmhGTAFrKzH":"Expanded"},"ParentID":"QID979","ID":"NT_5yVnVGmUKU0dFP0"}},{"SurveyID":"SV_bqgf48GueBCVgDI","Element":"NT","PrimaryAttribute":"NT_8IEWCUNs0Tgieuq","SecondaryAttribute":null,"TertiaryAttribute":null,"Payload":{"Notes":[{"Message":"narrow AI","ID":"NO_cSXVXVvY0CxeUTk","UserID":"UR_9oanLmhGTAFrKzH","Timestamp":1645057605,"Removed":true}],"UserStatuses":{"UR_9oanLmhGTAFrKzH":"Expanded"},"ParentID":"QID1030","ID":"NT_8IEWCUNs0Tgieuq"}},{"SurveyID":"SV_bqgf48GueBCVgDI","Element":"NT","PrimaryAttribute":"NT_8ixYGp5HPech7OC","SecondaryAttribute":null,"TertiaryAttribute":null,"Payload":{"Notes":[{"Message":"https:\/\/www.sciencedirect.com\/science\/article\/abs\/pii\/S1053810001905069","ID":"NO_4UROgkEixzR7ATY","UserID":"UR_0DGPQJLrI0b5TYp","Timestamp":1629389725,"Removed":false}],"UserStatuses":{"UR_0DGPQJLrI0b5TYp":"Expanded"},"ParentID":"QID977","ID":"NT_8ixYGp5HPech7OC"}},{"SurveyID":"SV_bqgf48GueBCVgDI","Element":"NT","PrimaryAttribute":"NT_9FQwUDJ7j1zUnd4","SecondaryAttribute":null,"TertiaryAttribute":null,"Payload":{"Notes":[{"Message":"https:\/\/www.aeaweb.org\/articles?id=10.1257\/089533005775196732","ID":"NO_bd77nM2DruLkGrk","UserID":"UR_0DGPQJLrI0b5TYp","Timestamp":1629389688,"Removed":false}],"UserStatuses":{"UR_0DGPQJLrI0b5TYp":"Expanded"},"ParentID":"QID974","ID":"NT_9FQwUDJ7j1zUnd4"}},{"SurveyID":"SV_bqgf48GueBCVgDI","Element":"NT","PrimaryAttribute":"NT_a4d4dyeAYbq0jLU","SecondaryAttribute":null,"TertiaryAttribute":null,"Payload":{"Notes":[{"Message":"https:\/\/quizizz.com\/admin\/quiz\/5ed285b4ca727f001be8808e\/intro-to-algorithms","ID":"NO_6X0B0WNWwQPHySO","UserID":"UR_ctDzEKuCwodIMLz","Timestamp":1645105400,"Removed":false}],"UserStatuses":{"UR_ctDzEKuCwodIMLz":"Expanded"},"ParentID":"QID1047","ID":"NT_a4d4dyeAYbq0jLU"}},{"SurveyID":"SV_bqgf48GueBCVgDI","Element":"NT","PrimaryAttribute":"NT_b47py9PiJCkRkge","SecondaryAttribute":null,"TertiaryAttribute":null,"Payload":{"Notes":[{"Message":"Dahl and Moreau 2007","ID":"NO_9BjYxScYfrDpDjo","UserID":"UR_eKWKBNZMVrvGjTE","Timestamp":1700295278,"Removed":false}],"UserStatuses":{"UR_eKWKBNZMVrvGjTE":"Expanded"},"ParentID":"QID1322","ID":"NT_b47py9PiJCkRkge"}},{"SurveyID":"SV_bqgf48GueBCVgDI","Element":"NT","PrimaryAttribute":"NT_eaPI6J7WRXgmVJI","SecondaryAttribute":null,"TertiaryAttribute":null,"Payload":{"Notes":[{"Message":"pilot 1 showed no correlation between overall perceptions of knowledge and scores - should we keep this DV then?","ID":"NO_a4uu2hfts5xYmvY","UserID":"UR_3x6Ync8C6BvApQ9","Timestamp":1660839588,"Removed":false}],"UserStatuses":{"UR_3x6Ync8C6BvApQ9":"Expanded"},"ParentID":"QID1135","ID":"NT_eaPI6J7WRXgmVJI"}},{"SurveyID":"SV_bqgf48GueBCVgDI","Element":"NT","PrimaryAttribute":"NT_eW1Pe8kFWin21dc","SecondaryAttribute":null,"TertiaryAttribute":null,"Payload":{"Notes":[{"Message":"https:\/\/www.sciencedirect.com\/science\/article\/pii\/S0040162523000926","ID":"NO_2rBl5bUbzl8ekOW","UserID":"UR_eKWKBNZMVrvGjTE","Timestamp":1700295146,"Removed":false}],"UserStatuses":{"UR_eKWKBNZMVrvGjTE":"Expanded"},"ParentID":"QID1314","ID":"NT_eW1Pe8kFWin21dc"}},{"SurveyID":"SV_bqgf48GueBCVgDI","Element":"NT","PrimaryAttribute":"NT_ezil2wwyinvjpIi","SecondaryAttribute":null,"TertiaryAttribute":null,"Payload":{"Notes":[{"Message":"here I tried to create a DV that should be the opposite of cancel, and offer a more constructive approach","ID":"NO_0JMtz02ihtQCEbs","UserID":"UR_0DGPQJLrI0b5TYp","Timestamp":1629389141,"Removed":false}],"UserStatuses":{"UR_0DGPQJLrI0b5TYp":"Expanded","UR_9oanLmhGTAFrKzH":"Expanded"},"ParentID":"QID972","ID":"NT_ezil2wwyinvjpIi"}},{"SurveyID":"SV_bqgf48GueBCVgDI","Element":"PL","PrimaryAttribute":"Preview Link","SecondaryAttribute":null,"TertiaryAttribute":null,"Payload":{"PreviewType":"Brand","PreviewID":"9815444c-66af-4f5e-a557-7a00a3e8382a"}},{"SurveyID":"SV_bqgf48GueBCVgDI","Element":"PROJ","PrimaryAttribute":"CORE","SecondaryAttribute":null,"TertiaryAttribute":"1.1.0","Payload":{"ProjectCategory":"CORE","SchemaVersion":"1.1.0"}},{"SurveyID":"SV_bqgf48GueBCVgDI","Element":"QC","PrimaryAttribute":"Survey Question Count","SecondaryAttribute":"1367","TertiaryAttribute":null,"Payload":null},{"SurveyID":"SV_bqgf48GueBCVgDI","Element":"RS","PrimaryAttribute":"RS_1zBbjInYtzmFMLY","SecondaryAttribute":null,"TertiaryAttribute":null,"Payload":null},{"SurveyID":"SV_bqgf48GueBCVgDI","Element":"SCO","PrimaryAttribute":"Scoring","SecondaryAttribute":null,"TertiaryAttribute":null,"Payload":{"ScoringCategories":[{"ID":"SC_3yiz1h5H6L2hvZY","Name":"Score","Description":""}],"ScoringCategoryGroups":[],"DefaultScoringCategory":"SC_3yiz1h5H6L2hvZY","ScoringSummaryCategory":null,"ScoringSummaryAfterQuestions":0,"ScoringSummaryAfterSurvey":0,"AutoScoringCategory":null}},{"SurveyID":"SV_bqgf48GueBCVgDI","Element":"SO","PrimaryAttribute":"Survey Options","SecondaryAttribute":null,"TertiaryAttribute":null,"Payload":{"BackButton":"false","SaveAndContinue":"false","SurveyProtection":"PublicSurvey","BallotBoxStuffingPrevention":"true","SurveyExpiration":null,"SurveyTermination":"DisplayMessage","Header":"","Footer":"","ProgressBarDisplay":"None","PartialData":"+1 week","ValidationMessage":null,"PreviousButton":"  <<  ","NextButton":"  >>  ","SkinLibrary":"usc","SkinType":"component","Skin":{"brandingId":null,"templateId":"*simple","overrides":null},"NewScoring":1,"libraryId":"","nextButtonMid":"","previousButtonMid":"","headerMid":"","footerMid":"","QuestionsPerPage":"","CustomStyles":[],"HighlightQuestions":"off","EOSMessage":"MS_aaUTQkmWLuRmnBP","ShowExportTags":"false","CollectGeoLocation":"false","SurveyTitle":"Survey | Qualtrics Survey Software","SurveyMetaDescription":"Survey Software, Enterprise Survey software for enterprise feedback management and CRM solutions. Enables high-quality data collection, panel management and results analysis. Perfect for market research or CRM solution (Customer Relationship Management) integration. Free trial and consultation.","PasswordProtection":"No","AnonymizeResponse":"No","Password":"","RefererCheck":"No","NoIndex":"No","RefererURL":"http:\/\/","EOSMessageLibrary":"UR_blpMZq3YMijFTq4","EOSRedirectURL":"https:\/\/","EmailThankYou":"false","ThankYouEmailMessageLibrary":null,"ThankYouEmailMessage":null,"ValidateMessage":"false","ValidationMessageLibrary":null,"InactiveSurvey":"DefaultMessage","InactiveMessageLibrary":"","InactiveMessage":"","AvailableLanguages":{"EN":[]},"SpellChecked":0,"ProtectSelectionIds":true,"SecureResponseFiles":"false","PartialDataCloseAfter":"LastActivity","ActiveResponseSet":null,"PageTransition":"Slide","ResponseSummary":"No","RecaptchaV3":"false","RelevantID":"false","UseCustomSurveyLinkCompletedMessage":null,"SurveyLinkCompletedMessage":"","SurveyLinkCompletedMessageLibrary":"","PartialDeletion":null,"BallotBoxStuffingPreventionBehavior":"DefaultMessage","BallotBoxStuffingPreventionMessage":null,"BallotBoxStuffingPreventionMessageLibrary":null,"BallotBoxStuffingPreventionURL":null,"ConfirmStart":false,"AutoConfirmStart":false,"RelevantIDLockoutPeriod":"+30 days","SurveyName":"ALT_prereg_AILT 17_magical vs capable AI songs"}},{"SurveyID":"SV_bqgf48GueBCVgDI","Element":"SQ","PrimaryAttribute":"QID1059","SecondaryAttribute":"Which of the following is NOT powered by AI?","TertiaryAttribute":null,"Payload":{"QuestionText":"Which of the following is NOT powered by AI?","DefaultChoices":false,"QuestionType":"MC","Selector":"SAVR","SubSelector":"TX","DataVisibility":{"Private":false,"Hidden":false},"Configuration":{"QuestionDescriptionOption":"UseText"},"QuestionDescription":"Which of the following is NOT powered by AI?","Choices":{"1":{"Display":"Self-driving cars"},"2":{"Display":"Google's search algorithm"},"3":{"Display":"A basic calculator"},"4":{"Display":"Chatbots"}},"ChoiceOrder":["1","2","3","4"],"Validation":{"Settings":{"ForceResponse":"ON","ForceResponseType":"ON","Type":"None"}},"GradingData":[{"ChoiceID":"3","Grades":{"SC_3yiz1h5H6L2hvZY":"1"}}],"Language":[],"NextChoiceId":5,"NextAnswerId":1,"Randomization":{"Advanced":null,"TotalRandSubset":"","Type":"All"},"QuestionText_Unsafe":"Which of the languages below are used to code a robot?","DataExportTag":"1","QuestionID":"QID1059","VariableNaming":{"1":"Self-driving cars","2":"Google","3":"A basic calculator","4":"Chatbots"},"RecodeValues":{"1":"0","2":"0","3":"1","4":"0"}}},{"SurveyID":"SV_bqgf48GueBCVgDI","Element":"SQ","PrimaryAttribute":"QID1063","SecondaryAttribute":"Which form of intelligence involves emotional understanding and social skills?","TertiaryAttribute":null,"Payload":{"QuestionText":"Which form of intelligence involves emotional understanding and social skills?","DefaultChoices":false,"QuestionType":"MC","Selector":"SAVR","SubSelector":"TX","DataVisibility":{"Private":false,"Hidden":false},"Configuration":{"QuestionDescriptionOption":"UseText"},"QuestionDescription":"Which form of intelligence involves emotional understanding and social skills?","Choices":{"1":{"Display":"Machine Intelligence"},"2":{"Display":"Human Intelligence"},"3":{"Display":"Animal Intelligence"},"4":{"Display":"Artificial General Intelligence"}},"ChoiceOrder":["1","2","3","4"],"Validation":{"Settings":{"ForceResponse":"ON","ForceResponseType":"ON","Type":"None"}},"GradingData":[{"ChoiceID":"2","Grades":{"SC_3yiz1h5H6L2hvZY":"1"},"index":0}],"Language":[],"NextChoiceId":5,"NextAnswerId":1,"Randomization":{"Advanced":null,"TotalRandSubset":"","Type":"All"},"QuestionText_Unsafe":"Which key technology is behind Artificial Intelligence?","DataExportTag":"2","QuestionID":"QID1063","RecodeValues":{"1":"0","2":"1","3":"0","4":"0"},"VariableNaming":{"1":"Machine Intelligence","2":"Human Intelligence","3":"Animal Intelligence","4":"AGI"}}},{"SurveyID":"SV_bqgf48GueBCVgDI","Element":"SQ","PrimaryAttribute":"QID1068","SecondaryAttribute":"Which of the following fields contributes to the development of artificial intelligence?","TertiaryAttribute":null,"Payload":{"QuestionText":"Which of the following fields contributes to the development of artificial intelligence?","DefaultChoices":false,"QuestionType":"MC","Selector":"SAVR","SubSelector":"TX","DataVisibility":{"Private":false,"Hidden":false},"Configuration":{"QuestionDescriptionOption":"UseText"},"QuestionDescription":"Which of the following fields contributes to the development of artificial intelligence?","Choices":{"1":{"Display":"Computer science"},"2":{"Display":"Mathematics"},"3":{"Display":"Psychology"},"4":{"Display":"All of the above"}},"ChoiceOrder":["1","2","3","4"],"Validation":{"Settings":{"ForceResponse":"ON","ForceResponseType":"ON","Type":"None"}},"RecodeValues":{"1":"0","2":"0","3":"0","4":"1"},"GradingData":[{"ChoiceID":"4","Grades":{"SC_3yiz1h5H6L2hvZY":"1"},"index":0}],"Language":[],"NextChoiceId":5,"NextAnswerId":1,"Randomization":{"Advanced":{"FixedOrder":["{~Randomized~}","{~Randomized~}","{~Randomized~}","4"],"RandomSubSet":[],"RandomizeAll":["1","2","3"],"ScaleReversal":[],"TotalRandSubset":0,"Undisplayed":[]},"ConsistentScaleReversal":false,"EvenPresentation":false,"TotalRandSubset":"","Type":"Advanced"},"QuestionText_Unsafe":"Which of the following tasks could most likely be performed by Artificial Intelligence?","DataExportTag":"3","QuestionID":"QID1068","VariableNaming":{"1":"Computer science","2":"Mathematics","3":"Psychology","4":"all of the above"}}},{"SurveyID":"SV_bqgf48GueBCVgDI","Element":"SQ","PrimaryAttribute":"QID1073","SecondaryAttribute":"What is the term for AI systems that can perform any intellectual task that a human can?","TertiaryAttribute":null,"Payload":{"QuestionText":"What is the term for AI systems that can perform any intellectual task that a human can?","DefaultChoices":false,"QuestionType":"MC","Selector":"SAVR","SubSelector":"TX","DataVisibility":{"Private":false,"Hidden":false},"Configuration":{"QuestionDescriptionOption":"UseText"},"QuestionDescription":"What is the term for AI systems that can perform any intellectual task that a human can?","Choices":{"1":{"Display":"Narrow AI"},"2":{"Display":"General AI"},"3":{"Display":"Weak AI"},"4":{"Display":"Strong AI"}},"ChoiceOrder":["1","2","3","4"],"Randomization":{"Advanced":null,"TotalRandSubset":"","Type":"All"},"Validation":{"Settings":{"ForceResponse":"ON","ForceResponseType":"ON","Type":"None"}},"RecodeValues":{"1":"0","2":"1","3":"0","4":"0"},"GradingData":[{"ChoiceID":"2","Grades":{"SC_3yiz1h5H6L2hvZY":"1"},"index":0}],"Language":[],"NextChoiceId":5,"NextAnswerId":1,"QuestionText_Unsafe":"One of the most storied algorithmic problems in all of computer science is ...","DataExportTag":"4","QuestionID":"QID1073","VariableNaming":{"1":"Narrow AI","2":"General AI","3":"Weak AI","4":"Strong AI"}}},{"SurveyID":"SV_bqgf48GueBCVgDI","Element":"SQ","PrimaryAttribute":"QID1103","SecondaryAttribute":"In which area does AI typically excel?","TertiaryAttribute":null,"Payload":{"QuestionText":"In which area does AI typically excel?","DefaultChoices":false,"DataExportTag":"5","QuestionType":"MC","Selector":"SAVR","SubSelector":"TX","DataVisibility":{"Private":false,"Hidden":false},"Configuration":{"QuestionDescriptionOption":"UseText"},"QuestionDescription":"In which area does AI typically excel?","Choices":{"1":{"Display":"Emotional understanding"},"2":{"Display":"Pattern recognition"},"3":{"Display":"Moral reasoning"},"4":{"Display":"Creativity"}},"ChoiceOrder":["1","2","3","4"],"Randomization":{"Advanced":null,"TotalRandSubset":"","Type":"All"},"Validation":{"Settings":{"ForceResponse":"ON","ForceResponseType":"ON","Type":"None"}},"RecodeValues":{"1":"0","2":"1","3":"0","4":"0"},"GradingData":[{"ChoiceID":"2","Grades":{"SC_3yiz1h5H6L2hvZY":"1"},"index":0}],"Language":[],"NextChoiceId":5,"NextAnswerId":1,"QuestionID":"QID1103","VariableNaming":{"1":"Emotional understanding","2":"Pattern recognition","3":"Moral reasoning","4":"Creativity"}}},{"SurveyID":"SV_bqgf48GueBCVgDI","Element":"SQ","PrimaryAttribute":"QID1104","SecondaryAttribute":"Which of the following is NOT a likely future application of AI?","TertiaryAttribute":null,"Payload":{"QuestionText":"Which of the following is <u>NOT<\/u> a likely future application of AI?","DefaultChoices":false,"DataExportTag":"6","QuestionType":"MC","Selector":"SAVR","SubSelector":"TX","DataVisibility":{"Private":false,"Hidden":false},"Configuration":{"QuestionDescriptionOption":"UseText"},"QuestionDescription":"Which of the following is NOT a likely future application of AI?","Choices":{"1":{"Display":"Personalized healthcare"},"2":{"Display":"Emotional robots"},"3":{"Display":"Time travel"},"4":{"Display":"Sustainable energy management"}},"ChoiceOrder":["1","2","3","4"],"Randomization":{"Advanced":null,"TotalRandSubset":"","Type":"All"},"Validation":{"Settings":{"ForceResponse":"ON","ForceResponseType":"ON","Type":"None"}},"RecodeValues":{"1":"0","2":"0","3":"1","4":"0"},"GradingData":[{"ChoiceID":"3","Grades":{"SC_3yiz1h5H6L2hvZY":"1"},"index":0}],"Language":[],"NextChoiceId":5,"NextAnswerId":1,"QuestionID":"QID1104","VariableNaming":{"1":"Personalized healthcare","2":"Emotional robots","3":"Time travel","4":"Sustainable energy management"}}},{"SurveyID":"SV_bqgf48GueBCVgDI","Element":"SQ","PrimaryAttribute":"QID1106","SecondaryAttribute":"What is a common form of knowledge representation in AI?","TertiaryAttribute":null,"Payload":{"QuestionText":"What is a common form of knowledge representation in AI?","DefaultChoices":false,"DataExportTag":"7","QuestionType":"MC","Selector":"SAVR","SubSelector":"TX","DataVisibility":{"Private":false,"Hidden":false},"Configuration":{"QuestionDescriptionOption":"UseText"},"QuestionDescription":"What is a common form of knowledge representation in AI?","Choices":{"1":{"Display":"Neural networks"},"2":{"Display":"Waterfall model"},"3":{"Display":"Agile methodology"},"4":{"Display":"SWOT analysis"}},"ChoiceOrder":["1","2","3","4"],"Randomization":{"Advanced":null,"TotalRandSubset":"","Type":"All"},"Validation":{"Settings":{"ForceResponse":"ON","ForceResponseType":"ON","Type":"None"}},"RecodeValues":{"1":"1","2":"0","3":"0","4":"0"},"GradingData":[{"ChoiceID":"1","Grades":{"SC_3yiz1h5H6L2hvZY":"1"},"index":0}],"Language":[],"NextChoiceId":5,"NextAnswerId":1,"QuestionID":"QID1106","VariableNaming":{"1":"Neural networks","2":"Waterfall model","3":"Agile methodology","4":"SWOT analysis"}}},{"SurveyID":"SV_bqgf48GueBCVgDI","Element":"SQ","PrimaryAttribute":"QID1109","SecondaryAttribute":"Which algorithmic approach is commonly used for decision-making in AI?","TertiaryAttribute":null,"Payload":{"QuestionText":"Which algorithmic approach is commonly used for decision-making in AI?","DefaultChoices":false,"DataExportTag":"8","QuestionType":"MC","Selector":"SAVR","SubSelector":"TX","DataVisibility":{"Private":false,"Hidden":false},"Configuration":{"QuestionDescriptionOption":"UseText"},"QuestionDescription":"Which algorithmic approach is commonly used for decision-making in AI?","Choices":{"1":{"Display":"Dijkstra's algorithm"},"2":{"Display":"Depth-first search"},"3":{"Display":"Decision trees"},"4":{"Display":"Fourier Transform"}},"ChoiceOrder":["1","2","3","4"],"Randomization":{"Advanced":null,"TotalRandSubset":"","Type":"All"},"Validation":{"Settings":{"ForceResponse":"ON","ForceResponseType":"ON","Type":"None"}},"RecodeValues":{"1":"0","2":"0","3":"1","4":"0"},"GradingData":[{"ChoiceID":"3","Grades":{"SC_3yiz1h5H6L2hvZY":"1"},"index":0}],"Language":[],"NextChoiceId":5,"NextAnswerId":1,"QuestionID":"QID1109"}},{"SurveyID":"SV_bqgf48GueBCVgDI","Element":"SQ","PrimaryAttribute":"QID1112","SecondaryAttribute":"What is the first step in a typical machine learning process?","TertiaryAttribute":null,"Payload":{"QuestionText":"What is the first step in a typical machine learning process?","DefaultChoices":false,"DataExportTag":"9","QuestionType":"MC","Selector":"SAVR","SubSelector":"TX","DataVisibility":{"Private":false,"Hidden":false},"Configuration":{"QuestionDescriptionOption":"UseText"},"QuestionDescription":"What is the first step in a typical machine learning process?","Choices":{"1":{"Display":"Data collection"},"2":{"Display":"Model selection"},"3":{"Display":"Prediction"},"4":{"Display":"Model evaluation"}},"ChoiceOrder":["1","2","3","4"],"Randomization":{"Advanced":null,"TotalRandSubset":"","Type":"All"},"Validation":{"Settings":{"ForceResponse":"ON","ForceResponseType":"ON","Type":"None"}},"RecodeValues":{"1":"1","2":"0","3":"0","4":"0"},"GradingData":[{"ChoiceID":"1","Grades":{"SC_3yiz1h5H6L2hvZY":"1"},"index":0}],"Language":[],"NextChoiceId":5,"NextAnswerId":1,"QuestionID":"QID1112","VariableNaming":{"1":"Data collection","2":"Model selection","3":"Prediction","4":"Model evaluation"}}},{"SurveyID":"SV_bqgf48GueBCVgDI","Element":"SQ","PrimaryAttribute":"QID1118","SecondaryAttribute":"Which of the following is an example of metadata?","TertiaryAttribute":null,"Payload":{"QuestionText":"Which of the following is an example of metadata?","DefaultChoices":false,"DataExportTag":"11","QuestionType":"MC","Selector":"SAVR","SubSelector":"TX","DataVisibility":{"Private":false,"Hidden":false},"Configuration":{"QuestionDescriptionOption":"UseText"},"QuestionDescription":"Which of the following is an example of metadata?","Choices":{"1":{"Display":"A spreadsheet of numbers"},"2":{"Display":"Column headers in a table"},"3":{"Display":"A chart visualization"},"4":{"Display":"Raw sensor data"}},"ChoiceOrder":["1","2","3","4"],"Randomization":{"Advanced":null,"TotalRandSubset":"","Type":"All"},"Validation":{"Settings":{"ForceResponse":"ON","ForceResponseType":"ON","Type":"None"}},"RecodeValues":{"1":"0","2":"1","3":"0","4":"0"},"GradingData":[{"ChoiceID":"2","Grades":{"SC_3yiz1h5H6L2hvZY":"1"},"index":0}],"Language":[],"NextChoiceId":5,"NextAnswerId":1,"QuestionID":"QID1118","VariableNaming":{"1":"A spreadsheet of numbers","2":"Column headers in a table","3":"A chart visualization","4":"Raw sensor data"}}},{"SurveyID":"SV_bqgf48GueBCVgDI","Element":"SQ","PrimaryAttribute":"QID1137","SecondaryAttribute":"INFORMATION SHEET FOR EXEMPT RESEARCH STUDY TITLE: Consumers and Artificial Intelligence PRINCIPA...","TertiaryAttribute":null,"Payload":{"QuestionText":"<div style=\"text-align: center;\">INFORMATION SHEET FOR EXEMPT RESEARCH<\/div>\nSTUDY TITLE: Consumers and Artificial Intelligence<br>\nPRINCIPAL INVESTIGATOR: Stephanie Tully, Ph.D.<br>\n<br>\nYou are invited to participate in a research study. Your participation is voluntary. This document explains information about this study. You should ask questions about anything that is unclear to you.<br>\nPURPOSE The purpose of this study is to understand people\u2019s knowledge of and opinions about artificial intelligence and algorithms. We hope to learn about people\u2019s preferences for algorithms and factors that impact these preferences. You are invited as a possible participant because you are an adult over the age of 18.<br>\nPARTICIPANT INVOLVEMENT In this survey, you will be asked questions about artificial intelligence. The survey will last approximately 10-15 minutes and can be completed from your computer. This study relies on your current knowledge and opinions. No outside research is needed. If you decide to take part, you will be asked to answer questions about your knowledge of artificial intelligence, and to indicate your beliefs and preferences for artificial intelligence in different situations.<br>\nPAYMENT\/COMPENSATION FOR PARTICIPATION For participants in student subject pools receiving credit: Completing this survey will be used towards completing your survey credits. If you prefer not to take this survey, you may complete alternative surveys in order to receive your completion credit, per the subject pool guidelines. For all other participants: This section will be deleted.<br>\nALTERNATIVES TO PARTICIPATION For student subject pool participants: If you are part of the student subject pool, your alternative may be to participate in another study or to write a paper, please contact the Subject Pool Coordinator for further information.<br>\nCONFIDENTIALITY The members of the research team and the University of Southern California Institutional Review Board (IRB) may access the data. The IRB reviews and monitors research studies to protect the rights and welfare of research subjects. No identifying information will be collected. Anonymous data will be used by the research team. Results of the data as well as the anonymous data may be made publicly available for the purposes of research integrity. For Mturk studies only: This study is conducted on Amazon Mechanical Turk and it adheres to Amazon\u2019s MTurk Privacy Policy. To understand the privacy and confidentiality limitations associated with using MTurk, we strongly advise you to familiarize yourself with Amazon\u2019s privacy policies (https:\/\/www.mturk.com\/mturk\/privacynotice).<br>\nINVESTIGATOR CONTACT INFORMATION If you have any questions about this study, please contact Stephanie Tully, Ph.D. at tullyste@marshall.usc.edu.<br>\nIRB CONTACT INFORMATION If you have any questions about your rights as a research participant, please contact the University of Southern California Institutional Review Board at (323) 442-0114 or email irb@usc.edu.<br><br>","DefaultChoices":false,"DataExportTag":"consent_info","QuestionID":"QID1137","QuestionType":"DB","Selector":"TB","DataVisibility":{"Private":false,"Hidden":false},"Configuration":{"QuestionDescriptionOption":"UseText"},"QuestionDescription":"INFORMATION SHEET FOR EXEMPT RESEARCH STUDY TITLE: Consumers and Artificial Intelligence PRINCIPA...","ChoiceOrder":[],"Validation":{"Settings":{"Type":"None"}},"GradingData":[],"Language":[],"NextChoiceId":4,"NextAnswerId":1}},{"SurveyID":"SV_bqgf48GueBCVgDI","Element":"SQ","PrimaryAttribute":"QID1138","SecondaryAttribute":"Please do not take a break during the study. Once you click \"next,\" please complete the study in...","TertiaryAttribute":null,"Payload":{"ChoiceOrder":[],"Configuration":{"QuestionDescriptionOption":"UseText"},"DataExportTag":"inst1","DataVisibility":{"Hidden":false,"Private":false},"DefaultChoices":false,"GradingData":[],"Language":[],"NextAnswerId":1,"NextChoiceId":4,"QuestionDescription":"Please do not take a break during the study. Once you click \"next,\" please complete the study in...","QuestionID":"QID1138","QuestionText":"<div>Please do not take a break during the study. Once you click \"next,\" please complete the study in one sitting.<\/div>","QuestionText_Unsafe":"<div>Please do not take a break during the study. Once you click \"next,\" please complete the study in once sitting.<\/div>","QuestionType":"DB","Selector":"TB","Validation":{"Settings":{"Type":"None"}}}},{"SurveyID":"SV_bqgf48GueBCVgDI","Element":"SQ","PrimaryAttribute":"QID1140","SecondaryAttribute":"Thank you so much for your participation, we appreciate your time! If there's anything you would...","TertiaryAttribute":null,"Payload":{"QuestionText":"Thank you so much for your participation, we appreciate your time! <br>If there's anything you would like to let us know, please enter it here (optional).","DefaultChoices":false,"DataExportTag":"open","QuestionID":"QID1140","QuestionType":"TE","Selector":"ESTB","Configuration":{"QuestionDescriptionOption":"UseText","InputWidth":576,"InputHeight":138},"QuestionDescription":"Thank you so much for your participation, we appreciate your time! If there's anything you would...","Validation":{"Settings":{"ForceResponse":"OFF","Type":"None"}},"GradingData":[],"Language":[],"NextChoiceId":4,"NextAnswerId":1,"SearchSource":{"AllowFreeResponse":"false"},"DataVisibility":{"Private":false,"Hidden":false}}},{"SurveyID":"SV_bqgf48GueBCVgDI","Element":"SQ","PrimaryAttribute":"QID1151","SecondaryAttribute":"Who is primarily responsible for the ethical considerations of an AI system?","TertiaryAttribute":null,"Payload":{"QuestionText":"Who is primarily responsible for the ethical considerations of an AI system?","DefaultChoices":false,"DataExportTag":"10","QuestionType":"MC","Selector":"SAVR","SubSelector":"TX","DataVisibility":{"Private":false,"Hidden":false},"Configuration":{"QuestionDescriptionOption":"UseText"},"QuestionDescription":"Who is primarily responsible for the ethical considerations of an AI system?","Choices":{"1":{"Display":"The AI system itself"},"2":{"Display":"Data providers"},"3":{"Display":"Human developers"},"4":{"Display":"End-users"}},"ChoiceOrder":["1","2","3","4"],"Randomization":{"Advanced":null,"TotalRandSubset":"","Type":"All"},"Validation":{"Settings":{"ForceResponse":"ON","ForceResponseType":"ON","Type":"None"}},"RecodeValues":{"1":"0","2":"0","3":"1","4":"0"},"GradingData":[{"ChoiceID":"3","Grades":{"SC_3yiz1h5H6L2hvZY":"1"},"index":0}],"Language":[],"NextChoiceId":5,"NextAnswerId":1,"QuestionID":"QID1151","VariableNaming":{"1":"The AI system itself","2":"Data providers","3":"Human developers","4":"End-users"}}},{"SurveyID":"SV_bqgf48GueBCVgDI","Element":"SQ","PrimaryAttribute":"QID1159","SecondaryAttribute":"How do supervised machine learning algorithms learn?","TertiaryAttribute":null,"Payload":{"QuestionText":"How do supervised machine learning algorithms learn?","DefaultChoices":false,"DataExportTag":"12","QuestionType":"MC","Selector":"SAVR","SubSelector":"TX","DataVisibility":{"Private":false,"Hidden":false},"Configuration":{"QuestionDescriptionOption":"UseText"},"QuestionDescription":"How do supervised machine learning algorithms learn?","Choices":{"1":{"Display":"From labeled data"},"2":{"Display":"From rewards and punishments"},"3":{"Display":"By observing human behavior"},"4":{"Display":"From intrinsic motivation"}},"ChoiceOrder":["1","2","3","4"],"Randomization":{"Advanced":null,"TotalRandSubset":"","Type":"All"},"Validation":{"Settings":{"ForceResponse":"ON","ForceResponseType":"ON","Type":"None"}},"RecodeValues":{"1":"1","2":"0","3":"0","4":"0"},"GradingData":[{"ChoiceID":"1","Grades":{"SC_3yiz1h5H6L2hvZY":"1"},"index":0}],"Language":[],"NextChoiceId":5,"NextAnswerId":1,"QuestionID":"QID1159","VariableNaming":{"1":"From labeled data","2":"From rewards and punishments","3":"By observing human behavior","4":"From intrinsic motivation"}}},{"SurveyID":"SV_bqgf48GueBCVgDI","Element":"SQ","PrimaryAttribute":"QID1160","SecondaryAttribute":"Why can data not be taken at face value?","TertiaryAttribute":null,"Payload":{"QuestionText":"Why can data not be taken at face value?","DefaultChoices":false,"DataExportTag":"13","QuestionType":"MC","Selector":"SAVR","SubSelector":"TX","DataVisibility":{"Private":false,"Hidden":false},"Configuration":{"QuestionDescriptionOption":"UseText"},"QuestionDescription":"Why can data not be taken at face value?","Choices":{"1":{"Display":"It is always inaccurate"},"2":{"Display":"It requires interpretation"},"3":{"Display":"It is self-explanatory"},"4":{"Display":"It is always biased"}},"ChoiceOrder":["1","2","3","4"],"Randomization":{"Advanced":null,"TotalRandSubset":"","Type":"All"},"Validation":{"Settings":{"ForceResponse":"ON","ForceResponseType":"ON","Type":"None"}},"RecodeValues":{"1":"0","2":"1","3":"0","4":"0"},"GradingData":[{"ChoiceID":"2","Grades":{"SC_3yiz1h5H6L2hvZY":"1"},"index":0}],"Language":[],"NextChoiceId":5,"NextAnswerId":1,"QuestionID":"QID1160"}},{"SurveyID":"SV_bqgf48GueBCVgDI","Element":"SQ","PrimaryAttribute":"QID1162","SecondaryAttribute":"How can an AI system interact with the physical world?","TertiaryAttribute":null,"Payload":{"QuestionText":"How can an AI system interact with the physical world?","DefaultChoices":false,"DataExportTag":"14","QuestionType":"MC","Selector":"SAVR","SubSelector":"TX","DataVisibility":{"Private":false,"Hidden":false},"Configuration":{"QuestionDescriptionOption":"UseText"},"QuestionDescription":"How can an AI system interact with the physical world?","Choices":{"1":{"Display":"By planning movements"},"2":{"Display":"By reacting to sensor inputs"},"3":{"Display":"By actuating motors"},"4":{"Display":"All of the above"}},"ChoiceOrder":["1","2","3","4"],"Randomization":{"Advanced":{"FixedOrder":["{~Randomized~}","{~Randomized~}","{~Randomized~}","4"],"RandomSubSet":[],"RandomizeAll":["1","2","3"],"ScaleReversal":[],"TotalRandSubset":0,"Undisplayed":[]},"ConsistentScaleReversal":false,"EvenPresentation":false,"TotalRandSubset":"","Type":"Advanced"},"Validation":{"Settings":{"ForceResponse":"ON","ForceResponseType":"ON","Type":"None"}},"RecodeValues":{"1":"0","2":"0","3":"0","4":"1"},"GradingData":[{"ChoiceID":"4","Grades":{"SC_3yiz1h5H6L2hvZY":"1"},"index":0}],"Language":[],"NextChoiceId":5,"NextAnswerId":1,"QuestionID":"QID1162","VariableNaming":{"1":"By planning movements","2":"By reacting to sensor inputs","3":"By actuating motors","4":"All of the above"}}},{"SurveyID":"SV_bqgf48GueBCVgDI","Element":"SQ","PrimaryAttribute":"QID1163","SecondaryAttribute":"Which of the following sensors allow an AI system to perceive the world?","TertiaryAttribute":null,"Payload":{"QuestionText":"Which of the following sensors allow an AI system to perceive the world?","DefaultChoices":false,"DataExportTag":"15","QuestionType":"MC","Selector":"SAVR","SubSelector":"TX","DataVisibility":{"Private":false,"Hidden":false},"Configuration":{"QuestionDescriptionOption":"UseText"},"QuestionDescription":"Which of the following sensors allow an AI system to perceive the world?","Choices":{"1":{"Display":"Cameras"},"2":{"Display":"Microphones"},"3":{"Display":"Thermometers"},"4":{"Display":"All of the above"}},"ChoiceOrder":["1","2","3","4"],"Randomization":{"Advanced":{"FixedOrder":["{~Randomized~}","{~Randomized~}","{~Randomized~}","4"],"RandomSubSet":[],"RandomizeAll":["1","2","3"],"ScaleReversal":[],"TotalRandSubset":0,"Undisplayed":[]},"ConsistentScaleReversal":false,"EvenPresentation":false,"TotalRandSubset":"","Type":"Advanced"},"Validation":{"Settings":{"ForceResponse":"ON","ForceResponseType":"ON","Type":"None"}},"RecodeValues":{"1":"0","2":"0","3":"0","4":"1"},"GradingData":[{"ChoiceID":"4","Grades":{"SC_3yiz1h5H6L2hvZY":"1"},"index":0}],"Language":[],"NextChoiceId":5,"NextAnswerId":1,"QuestionID":"QID1163"}},{"SurveyID":"SV_bqgf48GueBCVgDI","Element":"SQ","PrimaryAttribute":"QID1165","SecondaryAttribute":"Which is a key ethical issue surrounding AI?","TertiaryAttribute":null,"Payload":{"QuestionText":"Which is a key ethical issue surrounding AI?","DefaultChoices":false,"DataExportTag":"16","QuestionType":"MC","Selector":"SAVR","SubSelector":"TX","DataVisibility":{"Private":false,"Hidden":false},"Configuration":{"QuestionDescriptionOption":"UseText"},"QuestionDescription":"Which is a key ethical issue surrounding AI?","Choices":{"1":{"Display":"Algorithmic efficiency"},"2":{"Display":"CPU usage"},"3":{"Display":"Privacy"},"4":{"Display":"Code readability"}},"ChoiceOrder":["1","2","3","4"],"Randomization":{"Advanced":null,"TotalRandSubset":"","Type":"All"},"Validation":{"Settings":{"ForceResponse":"ON","ForceResponseType":"ON","Type":"None"}},"RecodeValues":{"1":"0","2":"0","3":"1","4":"0"},"GradingData":[{"ChoiceID":"3","Grades":{"SC_3yiz1h5H6L2hvZY":"1"},"index":0}],"Language":[],"NextChoiceId":5,"NextAnswerId":1,"QuestionID":"QID1165","VariableNaming":{"1":"Algorithmic efficiency","2":"CPU usage","3":"Privacy","4":"Code readability"}}},{"SurveyID":"SV_bqgf48GueBCVgDI","Element":"SQ","PrimaryAttribute":"QID1166","SecondaryAttribute":"Which statement best describes the programmability of AI systems?","TertiaryAttribute":null,"Payload":{"QuestionText":"Which statement best describes the programmability of AI systems?","DefaultChoices":false,"DataExportTag":"17","QuestionType":"MC","Selector":"SAVR","SubSelector":"TX","DataVisibility":{"Private":false,"Hidden":false},"Configuration":{"QuestionDescriptionOption":"UseText"},"QuestionDescription":"Which statement best describes the programmability of AI systems?","Choices":{"1":{"Display":"They cannot be programmed by humans"},"2":{"Display":"They program themselves"},"3":{"Display":"They are programmed using data"},"4":{"Display":"They are programmed by computer code"}},"ChoiceOrder":["1","2","3","4"],"Randomization":{"Advanced":null,"TotalRandSubset":"","Type":"All"},"Validation":{"Settings":{"ForceResponse":"ON","ForceResponseType":"ON","Type":"None"}},"RecodeValues":{"1":"0","2":"0","3":"0","4":"1"},"GradingData":[{"ChoiceID":"4","Grades":{"SC_3yiz1h5H6L2hvZY":"1"},"index":0}],"Language":[],"NextChoiceId":5,"NextAnswerId":1,"QuestionID":"QID1166","VariableNaming":{"1":"They cannot be programmed by humans","2":"They program themselves","3":"They are programmed using data","4":"They are programmed by computer code"}}},{"SurveyID":"SV_bqgf48GueBCVgDI","Element":"SQ","PrimaryAttribute":"QID1251","SecondaryAttribute":"Do you identify as...","TertiaryAttribute":null,"Payload":{"ChoiceOrder":["1","2","3","4","5"],"Choices":{"1":{"Display":"Male"},"2":{"Display":"Female"},"3":{"Display":"Non-binary \/ Third gender"},"4":{"Display":"Other"},"5":{"Display":"Prefer not to say"}},"Configuration":{"LabelPosition":"BELOW","QuestionDescriptionOption":"UseText"},"DataExportTag":"Gender","DataVisibility":{"Hidden":false,"Private":false},"Language":[],"NextAnswerId":1,"NextChoiceId":6,"QuestionDescription":"Do you identify as...","QuestionID":"QID1251","QuestionText":"<span style=\"font-size:19px;\"><span style=\"font-family:arial,helvetica,sans-serif;\">Do you identify as...<\/span><\/span>","QuestionText_Unsafe":"<span style=\"font-size:19px;\"><span style=\"font-family:arial,helvetica,sans-serif;\">Do you identify as...<\/span><\/span>","QuestionType":"MC","RecodeValues":{"1":"1","2":"2","3":"3","4":"4","5":"5"},"Selector":"SAVR","SubSelector":"TX","Validation":{"Settings":{"ForceResponse":"RequestResponse","ForceResponseType":"RequestResponse","Type":"None"}},"VariableNaming":{"1":"Male","2":"Female","3":"Non-binary \/ Third gender","4":"Other","5":"Prefer not to say"}}},{"SurveyID":"SV_bqgf48GueBCVgDI","Element":"SQ","PrimaryAttribute":"QID1252","SecondaryAttribute":"How old are you (in years)?","TertiaryAttribute":null,"Payload":{"Configuration":{"AllowFreeResponse":"false","InputHeight":29,"InputWidth":139,"QuestionDescriptionOption":"UseText"},"DataExportTag":"Age","DataVisibility":{"Hidden":false,"Private":false},"DefaultChoices":false,"GradingData":[],"Language":[],"NextAnswerId":1,"NextChoiceId":1,"QuestionDescription":"How old are you (in years)?","QuestionID":"QID1252","QuestionText":"<span style=\"font-size:19px;\"><span style=\"font-family:arial,helvetica,sans-serif;\">How old are you (in years)?<\/span><\/span>","QuestionText_Unsafe":"<span style=\"font-size:19px;\"><span style=\"font-family:arial,helvetica,sans-serif;\">How old are you (in years)?<\/span><\/span>","QuestionType":"TE","Randomization":{"Type":"None"},"SearchSource":{"AllowFreeResponse":"false"},"Selector":"SL","Validation":{"Settings":{"ForceResponse":"RequestResponse","ForceResponseType":"RequestResponse","Type":"ContentType","ContentType":"ValidNumber","ValidDateType":"DateWithFormat","ValidPhoneType":"ValidUSPhone","ValidZipType":"ValidUSZip"}}}},{"SurveyID":"SV_bqgf48GueBCVgDI","Element":"SQ","PrimaryAttribute":"QID1255","SecondaryAttribute":"What was your total household income before taxes during the past 12 months?","TertiaryAttribute":null,"Payload":{"ChoiceOrder":[1,2,3,4,5],"Choices":{"1":{"Display":"Less than $25,000"},"2":{"Display":"$25,000-$49,999"},"3":{"Display":"$50,000-$99,999"},"4":{"Display":"$100,000-$199,999"},"5":{"Display":"More than $200,000"}},"Configuration":{"QuestionDescriptionOption":"UseText"},"DataVisibility":{"Hidden":false,"Private":false},"DefaultChoices":false,"Language":{"DE":{"QuestionText":"Wie hoch war das Gesamteinkommen Ihres Haushalts vor Steuern in den letzten 12 Monaten?","Choices":{"1":{"Display":"Unter 25.000 US-Dollar"},"2":{"Display":"25.000 - 49.999 Dollar"},"3":{"Display":"$50,000-$99,999"},"4":{"Display":"$100,000-$199,999"},"5":{"Display":"Mehr als 200.000 Dollar"}}},"EN-GB":{"QuestionText":"What was your total household income before taxes during the past 12 months?","Choices":{"1":{"Display":"Less than $25,000"},"2":{"Display":"$25,000-$49,999"},"3":{"Display":"$50,000-$99,999"},"4":{"Display":"$100,000-$199,999"},"5":{"Display":"More than $200,000"}}},"ES":{"QuestionText":"\u00bfA cu\u00e1nto ascienden sus ingresos dom\u00e9sticos totales antes de impuestos de los \u00faltimos 12 meses?","Choices":{"1":{"Display":"Menos de 25.000 d\u00f3lares"},"2":{"Display":"25.000 - 49.999 d\u00f3lares"},"3":{"Display":"50.000 - 99.999"},"4":{"Display":"100.000 - 199.999"},"5":{"Display":"M\u00e1s de 200.000"}}},"ES-ES":{"QuestionText":"\u00bfCu\u00e1les fueron los ingresos brutos anuales de su hogar durante los \u00faltimos 12 meses?","Choices":{"1":{"Display":"Menos de 25 000 USD"},"2":{"Display":"25 000-49 999 USD"},"3":{"Display":"50 000-99 999 USD"},"4":{"Display":"100 000-199 999 USD"},"5":{"Display":"M\u00e1s de 200 000 USD"}}},"FR":{"QuestionText":"Quel \u00e9tait le revenu total de votre m\u00e9nage (avant imp\u00f4t) au cours des 12\u00a0derniers mois\u00a0?","Choices":{"1":{"Display":"Moins de 25\u00a0000\u00a0$"},"2":{"Display":"25\u00a0000\u00a0$-49\u00a0999\u00a0$"},"3":{"Display":"50\u00a0000\u00a0$ - 99\u00a0999\u00a0$"},"4":{"Display":"100\u00a0000\u00a0$ - 199\u00a0999\u00a0$"},"5":{"Display":"Plus de 200\u00a0000\u00a0$"}}},"IT":{"QuestionText":"Qual \u00e8 stato il tuo reddito familiare complessivo prima delle tasse durante gli ultimi 12 mesi?","Choices":{"1":{"Display":"Inferiore a $ 25.000"},"2":{"Display":"25.000 $ - 49.999 $"},"3":{"Display":"$50.000-$99.999"},"4":{"Display":"$100.000-$199.999"},"5":{"Display":"Superiore a $ 200.000"}}},"JA":{"QuestionText":"\u904e\u53bb12\u30ab\u6708\u9593\u306e\u5408\u8a08\u4e16\u5e2f\u53ce\u5165\uff08\u7a0e\u8fbc\u307f\uff09\u3092\u304a\u7b54\u3048\u304f\u3060\u3055\u3044\u3002","Choices":{"1":{"Display":"$25,000\u672a\u6e80"},"2":{"Display":"$25,000\u304b\u3089$49,999"},"3":{"Display":"$50,000\u304b\u3089$99,999"},"4":{"Display":"$100,000\u304b\u3089$199,999"},"5":{"Display":"$200,000\u4ee5\u4e0a"}}},"KO":{"QuestionText":"\uc9c0\ub09c 12\uac1c\uc6d4 \ub3d9\uc548 \uadc0\ud558\uc758 \uc138\uc804 \ucd1d \uac00\uacc4\uc18c\ub4dd\uc740 \uc5bc\ub9c8\uc785\ub2c8\uae4c?","Choices":{"1":{"Display":"$25,000 \ubbf8\ub9cc"},"2":{"Display":"$25,000~$49,999"},"3":{"Display":"$50,000~$99,999"},"4":{"Display":"$100,000~$199,999"},"5":{"Display":"$200,000 \ucd08\uacfc"}}},"NL":{"QuestionText":"Wat was uw totale bruto gezinsinkomen in de afgelopen twaalf maanden?","Choices":{"1":{"Display":"Minder dan $ 25.000"},"2":{"Display":"$ 25.000 - $ 49.999"},"3":{"Display":"$50.000 - $99.999"},"4":{"Display":"$100.000 - $199.999"},"5":{"Display":"Meer dan $200.000"}}},"PT-BR":{"QuestionText":"Qual foi sua renda familiar total sem impostos nos \u00faltimos 12 meses?","Choices":{"1":{"Display":"Menos de US$ 25.000"},"2":{"Display":"$25.000-$49.999"},"3":{"Display":"$50.000-$99.999"},"4":{"Display":"$100,000-$199,999"},"5":{"Display":"Mais de $200.000"}}},"ZH-S":{"QuestionText":"\u60a8\u8fc7\u53bb 12 \u4e2a\u6708\u7684\u7a0e\u524d\u5bb6\u5ead\u603b\u6536\u5165\u662f\u591a\u5c11\uff1f","Choices":{"1":{"Display":"\u4f4e\u4e8e $25,000"},"2":{"Display":"$25,000-$49,999"},"3":{"Display":"$50,000-$99,999"},"4":{"Display":"$100,000-$199,999"},"5":{"Display":"\u8d85\u8fc7 $200,000"}}},"ZH-T":{"QuestionText":"\u60a8\u904e\u53bb 12 \u500b\u6708\u7684\u7a05\u524d\u5bb6\u5ead\u7e3d\u6536\u5165\u662f\uff1f","Choices":{"1":{"Display":"\u4f4e\u65bc 25,000 \u7f8e\u5143"},"2":{"Display":"$25,000-$49,999"},"3":{"Display":"$50,000-$99,999"},"4":{"Display":"$100,000-$199,999"},"5":{"Display":"\u8d85\u904e $200,000"}}}},"NextAnswerId":1,"NextChoiceId":6,"QuestionDescription":"What was your total household income before taxes during the past 12 months?","QuestionText":"What was your total household income before taxes during the past 12 months?","QuestionText_Unsafe":"What was your total household income before taxes during the past 12 months?","QuestionType":"MC","ReferenceQuestionConfig":{"instanceOf":{"id":"RQ_NlUaV84Noq33Zw9","version":"v2.0.0"}},"SchemaConfig":{"ChoiceMapping":{"1":"enu:\/\/LessThan25000","2":"enu:\/\/25000-49999","3":"enu:\/\/50000-99999","4":"enu:\/\/100000-199999","5":"enu:\/\/MoreThan200000"},"ChoiceMappingType":"Member","ConfigVersion":"1.0.0","Reconfirm":true,"URL":"ses:\/\/CanadaGrossAnnualHouseholdIncome","XMDConnect":true},"Selector":"SAVR","SubSelector":"TX","Validation":{"Settings":{"ForceResponse":"RequestResponse","ForceResponseType":"RequestResponse","Type":"None"}},"DataExportTag":"Income","QuestionID":"QID1255"}},{"SurveyID":"SV_bqgf48GueBCVgDI","Element":"SQ","PrimaryAttribute":"QID1326","SecondaryAttribute":"Today, we want you to consider the enchanting and magical world of AI-generated music. In today\u2019s.","TertiaryAttribute":null,"Payload":{"QuestionText":"<span style=\"color:#bdc3c7;\">Today, we want you to consider the enchanting and magical world of AI-generated music. In today\u2019s world, technology inexplicably translates emotions, stories, and personal experiences into melodious songs. This is about appreciating the magic and awe-inducing nature of AI as it weaves personal stories into harmonies and tunes. AI in this context is an artist in its own right, offering wonder and astonishment in creating music tailored to people\u2019s tastes.<\/span><br>\n<br>\n<strong>Given how amazing and magical you think it would be to have AI write a song, how likely would you be to use AI to write a song for a friend's birthday?<\/strong>","DefaultChoices":false,"DataExportTag":"magic","QuestionID":"QID1326","QuestionType":"MC","Selector":"SAHR","SubSelector":"TX","DataVisibility":{"Private":false,"Hidden":false},"Configuration":{"QuestionDescriptionOption":"UseText","TextPosition":"inline","LabelPosition":"BELOW"},"QuestionDescription":"Today, we want you to consider the enchanting and magical world of AI-generated music. In today\u2019s...","Choices":{"2":{"Display":"Very unlikely <br> 1"},"3":{"Display":"2"},"5":{"Display":"3"},"6":{"Display":"4"},"12":{"Display":"5"},"13":{"Display":"6"},"14":{"Display":"Very likely <br> 7"}},"ChoiceOrder":["2","3","5","6","12","13","14"],"Validation":{"Settings":{"ForceResponse":"OFF","Type":"None"}},"VariableNaming":{"2":"Very unlikely  1","12":"5","13":"6","14":"Very likely 7"},"GradingData":[],"Language":[],"NextChoiceId":15,"NextAnswerId":6,"RecodeValues":{"2":"1","3":"2","5":"3","6":"4","12":"5","13":"6","14":"7"}}},{"SurveyID":"SV_bqgf48GueBCVgDI","Element":"SQ","PrimaryAttribute":"QID1355","SecondaryAttribute":"In the next pages we will ask you 17 questions about your general knowledge of artificial intelli...","TertiaryAttribute":null,"Payload":{"QuestionText":"<span style=\"font-family:Arial,Helvetica,sans-serif;\"><span style=\"font-size:16px;\">In the next pages we will ask you 17 questions about your general knowledge of artificial intelligence, algorithms, online behavior, and data privacy. Whether you know the correct responses WILL NOT impact your compensation.<br>\n<br>\n<u>It is very important that you do not look up or google these answers online, as we are trying to assess average understanding and doing so would defeat the purpose of our survey.<\/u><br>\n<br>\nYou do not need to be an expert on these topics. We are interested in people's actual understanding, so please just answer the following questions to best of your knowledge.&nbsp;<br><br>Please try to answer these questions to the best of your knowledge. We need your honest responses to understand people's general knowledge of AI and algorithms. \n\nFor each question, please choose the answer that you believe is the most accurate.<br>\n<br><br><\/span><\/span>","DefaultChoices":false,"DataExportTag":"Q102","QuestionType":"DB","Selector":"TB","DataVisibility":{"Private":false,"Hidden":false},"Configuration":{"QuestionDescriptionOption":"UseText"},"QuestionDescription":"In the next pages we will ask you 17 questions about your general knowledge of artificial intelli...","ChoiceOrder":[],"Validation":{"Settings":{"Type":"None"}},"GradingData":[],"Language":[],"NextChoiceId":4,"NextAnswerId":1,"QuestionID":"QID1355"}},{"SurveyID":"SV_bqgf48GueBCVgDI","Element":"SQ","PrimaryAttribute":"QID1359","SecondaryAttribute":"Today, we want you to consider the enchanting and magical world of AI-generated music. In today\u2019s.","TertiaryAttribute":null,"Payload":{"QuestionText":"Today, we want you to consider the enchanting and magical world of AI-generated music. In today\u2019s world, technology inexplicably translates emotions, stories, and personal experiences into melodious songs. This is about appreciating the magic and awe-inducing nature of AI as it weaves personal stories into harmonies and tunes. AI in this context is an artist in its own right, offering wonder and astonishment in creating music tailored to people\u2019s tastes.","DefaultChoices":false,"DataExportTag":"Q54","QuestionID":"QID1359","QuestionType":"DB","Selector":"TB","DataVisibility":{"Private":false,"Hidden":false},"Configuration":{"QuestionDescriptionOption":"UseText","TextPosition":"inline"},"QuestionDescription":"Today, we want you to consider the enchanting and magical world of AI-generated music. In today\u2019s...","ChoiceOrder":[],"Validation":{"Settings":{"Type":"None"}},"GradingData":[],"Language":[],"NextChoiceId":12,"NextAnswerId":6}},{"SurveyID":"SV_bqgf48GueBCVgDI","Element":"SQ","PrimaryAttribute":"QID1360","SecondaryAttribute":"Today, we want you to consider the practical and efficient world of AI-generated music. In today\u2019.","TertiaryAttribute":null,"Payload":{"QuestionText":"Today, we want you to consider the practical and efficient world of AI-generated music. In today\u2019s world, technology efficiently translates emotions, stories, and personal experiences into melodious songs. This is about appreciating the speed, efficiency, and high quality that AI brings to the table. AI in this context is a capable and reliable composing tool, offering precision and consistency  in creating music tailored to people\u2019s tastes.","DefaultChoices":false,"QuestionType":"DB","Selector":"TB","DataVisibility":{"Private":false,"Hidden":false},"Configuration":{"QuestionDescriptionOption":"UseText","TextPosition":"inline"},"QuestionDescription":"Today, we want you to consider the practical and efficient world of AI-generated music. In today\u2019...","ChoiceOrder":[],"Validation":{"Settings":{"Type":"None"}},"GradingData":[],"Language":[],"NextChoiceId":12,"NextAnswerId":6,"QuestionText_Unsafe":"Today, we invite you to explore the enchanting and magical world of AI-generated music. In today\u2019s world, technology inexplicably translates emotions, stories, and personal experiences into melodious songs. This is about appreciating the magic and awe-inducing nature of AI as it weaves personal stories into harmonies and tunes. AI in this context is an artist in its own right, offering wonder and astonishment in creating music tailored to people\u2019s tastes.","DataExportTag":"Q1360","QuestionID":"QID1360"}},{"SurveyID":"SV_bqgf48GueBCVgDI","Element":"SQ","PrimaryAttribute":"QID1361","SecondaryAttribute":"Today, we want you to consider the practical and efficient world of AI-generated music. In today\u2019.","TertiaryAttribute":null,"Payload":{"QuestionText":"<span style=\"color:#bdc3c7;\">Today, we want you to consider the practical and efficient world of AI-generated music. In today\u2019s world, technology efficiently translates emotions, stories, and personal experiences into melodious songs. This is about appreciating the speed, efficiency, and high quality that AI brings to the table. AI in this context is a capable and reliable composing tool, offering precision and consistency in creating music tailored to people\u2019s tastes.<\/span><br>\n<br>\n<b id=\"docs-internal-guid-d9ade058-7fff-4bab-a3b5-3a8ae3a1c1b2\">Given how capable and efficient you think it would be to have AI write a song, how likely would you be to use AI to write a song for a friend's birthday?<\/b>","DefaultChoices":false,"QuestionType":"MC","Selector":"SAHR","SubSelector":"TX","DataVisibility":{"Private":false,"Hidden":false},"Configuration":{"QuestionDescriptionOption":"UseText","TextPosition":"inline","LabelPosition":"BELOW"},"QuestionDescription":"Today, we want you to consider the practical and efficient world of AI-generated music. In today\u2019...","Choices":{"2":{"Display":"Very unlikely <br> 1"},"3":{"Display":"2"},"5":{"Display":"3"},"6":{"Display":"4"},"12":{"Display":"5"},"13":{"Display":"6"},"14":{"Display":"Very likely <br> 7"}},"ChoiceOrder":["2","3","5","6","12","13","14"],"Validation":{"Settings":{"ForceResponse":"OFF","Type":"None"}},"VariableNaming":{"2":"Very unlikely  1","12":"5","13":"6","14":"Very likely 7"},"GradingData":[],"Language":[],"NextChoiceId":15,"NextAnswerId":6,"RecodeValues":{"2":"1","3":"2","5":"3","6":"4","12":"5","13":"6","14":"7"},"QuestionText_Unsafe":"Today, we invite you to explore the enchanting and magical world of AI-generated music. In today&rsquo;s world, technology inexplicably translates emotions, stories, and personal experiences into melodious songs. This is about appreciating the magic and awe-inducing nature of AI as it weaves personal stories into harmonies and tunes. AI in this context is an artist in its own right, offering wonder and astonishment in creating music tailored to people&rsquo;s tastes.<br \/>\n<br \/>\n<strong>Given how amazing and magical you think it would be to have AI write a song, how likely would you be to use AI to write a song for a friend&#39;s birthday?<\/strong>","DataExportTag":"Q1361","QuestionID":"QID1361"}},{"SurveyID":"SV_bqgf48GueBCVgDI","Element":"SQ","PrimaryAttribute":"QID1362","SecondaryAttribute":"Timing","TertiaryAttribute":null,"Payload":{"QuestionText":"Timing","DefaultChoices":false,"DataExportTag":"Q31","QuestionID":"QID1362","QuestionType":"Timing","Selector":"PageTimer","Configuration":{"QuestionDescriptionOption":"UseText","MinSeconds":5,"MaxSeconds":"0"},"QuestionDescription":"Timing","Choices":{"1":{"Display":"First Click"},"2":{"Display":"Last Click"},"3":{"Display":"Page Submit"},"4":{"Display":"Click Count"}},"GradingData":[],"Language":[],"NextChoiceId":44,"NextAnswerId":1}},{"SurveyID":"SV_bqgf48GueBCVgDI","Element":"SQ","PrimaryAttribute":"QID1363","SecondaryAttribute":"Timing","TertiaryAttribute":null,"Payload":{"QuestionText":"Timing","DefaultChoices":false,"DataExportTag":"Q32","QuestionID":"QID1363","QuestionType":"Timing","Selector":"PageTimer","Configuration":{"QuestionDescriptionOption":"UseText","MinSeconds":5,"MaxSeconds":"0"},"QuestionDescription":"Timing","Choices":{"1":{"Display":"First Click"},"2":{"Display":"Last Click"},"3":{"Display":"Page Submit"},"4":{"Display":"Click Count"}},"GradingData":[],"Language":[],"NextChoiceId":44,"NextAnswerId":1}},{"SurveyID":"SV_bqgf48GueBCVgDI","Element":"SQ","PrimaryAttribute":"QID1364","SecondaryAttribute":"Click to write the question text","TertiaryAttribute":null,"Payload":{"QuestionText":"Click to write the question text","DataExportTag":"Q33","QuestionType":"MC","Selector":"SAVR","SubSelector":"TX","Configuration":{"QuestionDescriptionOption":"UseText"},"QuestionDescription":"Click to write the question text","Choices":{"1":{"Display":"Click to write Choice 1"},"2":{"Display":"Click to write Choice 2"},"3":{"Display":"Click to write Choice 3"}},"ChoiceOrder":["1","2","3"],"Validation":{"Settings":{"ForceResponse":"OFF","Type":"None"}},"Language":[],"NextChoiceId":4,"NextAnswerId":1,"QuestionID":"QID1364"}},{"SurveyID":"SV_bqgf48GueBCVgDI","Element":"SQ","PrimaryAttribute":"QID1365","SecondaryAttribute":"Study \u00a0 Today you will be asked to read some information about things that may be available to yo..","TertiaryAttribute":null,"Payload":{"ChoiceOrder":[1,2],"Choices":{"1":{"Display":"discontinue"},"2":{"Display":"continue"}},"Configuration":{"LabelPosition":"BELOW","QuestionDescriptionOption":"UseText"},"DataExportTag":"Q34","DataVisibility":{"Hidden":false,"Private":false},"DefaultChoices":false,"GradingData":[],"Language":[],"NextAnswerId":1,"NextChoiceId":3,"QuestionDescription":"Study \u00a0 Today you will be asked to read some information about things that may be available to yo...","QuestionID":"QID1365","QuestionText":"<div style=\"text-align: center;\"><span style=\"font-size:19px;\">Study<\/span><br \/>\n&nbsp;<\/div>\n<span style=\"font-size:19px;\">Today you will be asked to read some information about things that may be available to you, to answer some questions about it, and to answer some questions about your knowledge of a topic or two.&nbsp; This study depends critically on whether you are paying attention to the instructions. To indicate that you have read these instructions and understand the importance of reading instructions carefully, please click the &quot;discontinue&quot; button. If you do not wish to participate, please close the survey at this time.<\/span>","QuestionText_Unsafe":"<div style=\"text-align: center;\"><span style=\"font-family:arial,helvetica,sans-serif;\"><span style=\"font-size:19px;\">Study<\/span><\/span><br>\n\t&nbsp;<\/div>\n<div>\n\t<span style=\"font-family:arial,helvetica,sans-serif;\"><span style=\"font-size:16px;\">Today you will be asked to read an offer, answer questions about it and about yourself.&nbsp; This study depends critically on whether you are paying attention to the instructions. To indicate that you have read these instructions and understand the importance of reading instructions carefully, please click the \"discontinue\" button. If you do not wish to participate, please close the survey at this time.<br><\/span><\/span><\/div>","QuestionType":"MC","Selector":"SAHR","SubSelector":"TX","Validation":{"Settings":{"ForceResponse":"OFF","ForceResponseType":"ON","Type":"None"}}}},{"SurveyID":"SV_bqgf48GueBCVgDI","Element":"SQ","PrimaryAttribute":"QID1366","SecondaryAttribute":"It appears you are not taking the time to read the instructions. It is important that participant...","TertiaryAttribute":null,"Payload":{"ChoiceOrder":[],"Configuration":{"QuestionDescriptionOption":"UseText"},"DataExportTag":"Q36","DataVisibility":{"Hidden":false,"Private":false},"DefaultChoices":false,"GradingData":[],"Language":[],"NextAnswerId":1,"NextChoiceId":1,"QuestionDescription":"It appears you are not taking the time to read the instructions. It is important that participant...","QuestionID":"QID1366","QuestionText":"<div style=\"text-align: center;\"><span style=\"font-size:19px;\"><strong><span style=\"color:#ff0000;\">It appears you are not taking the time to read the instructions.<br>\n<br>\nIt is important that participants take the time to read ALL instructions and questions during this study. On the next page, you will see the same instructions that were on the previous page. Please read them thoroughly before continuing.<\/span><\/strong><\/span><\/div>","QuestionText_Unsafe":"<span style=\"color:#ff0000;\"><span style=\"font-size: 16px;\">It looks like you are not taking the time to read the instructions. It is important that participants take the time to read all instructions during this study. On the next page, you will see the same instructions that were on the previous page. Please read them thoroughly before continuing.<\/span><\/span>","QuestionType":"DB","Selector":"TB","Validation":{"Settings":{"Type":"None"}}}},{"SurveyID":"SV_bqgf48GueBCVgDI","Element":"SQ","PrimaryAttribute":"QID1367","SecondaryAttribute":"Study \u00a0 \u00a0 Today you will be asked to read some information about things that may be available to..","TertiaryAttribute":null,"Payload":{"ChoiceOrder":[1,2],"Choices":{"1":{"Display":"discontinue"},"2":{"Display":"continue"}},"Configuration":{"LabelPosition":"BELOW","QuestionDescriptionOption":"UseText"},"DataExportTag":"Q38","DataVisibility":{"Hidden":false,"Private":false},"DefaultChoices":false,"GradingData":[],"Language":[],"NextAnswerId":1,"NextChoiceId":3,"QuestionDescription":"Study \u00a0 \u00a0 Today you will be asked to read some information about things that may be available to...","QuestionID":"QID1367","QuestionText":"<div>\n<div style=\"text-align: center;\"><span style=\"font-size:19px;\">Study<\/span><br \/>\n&nbsp;<\/div>\n\n<div>&nbsp;<\/div>\n\n<div><span style=\"font-size:19px;\">Today you will be asked to read some information about things that may be available to you, to answer some questions about it, and to answer some questions about your knowledge of a topic or two.&nbsp;&nbsp;This study depends critically on whether you are paying attention to the instructions. To indicate that you have read these instructions and understand the importance of reading instructions carefully, please click the &quot;discontinue&quot; button. If you do not wish to participate, please close the survey at this time.<\/span><\/div>\n<\/div>","QuestionText_Unsafe":"<div>\n<div style=\"text-align: center;\"><span style=\"font-size: 19px;\">Study<\/span><br>\n&nbsp;<\/div>\n\n<div>&nbsp;<\/div>\n\n<div><span style=\"font-size: 16px; color: rgb(64, 64, 64);\">Today you will be asked to read an offer, answer questions and it and about yourself.&nbsp;<\/span><span style=\"font-size: 16px; color: rgb(64, 64, 64);\">&nbsp;<\/span><span style=\"font-size: 16px;\">This study depends critically on whether you are paying attention to the instructions. To indicate that you have read these instructions and understand the importance of reading instructions carefully, please click the \"discontinue\" button. If you do not wish to participate, please close the survey at this time.<\/span><\/div>\n<\/div>","QuestionType":"MC","Selector":"SAHR","SubSelector":"TX","Validation":{"Settings":{"ForceResponse":"OFF","ForceResponseType":"ON","Type":"None"}}}},{"SurveyID":"SV_bqgf48GueBCVgDI","Element":"SQ","PrimaryAttribute":"QID980","SecondaryAttribute":"If you are not human, please enter \"Yes\" in the space below.","TertiaryAttribute":null,"Payload":{"QuestionText":"<img src=\"https:\/\/bocconi.eu.qualtrics.com\/CP\/Graphic.php?IM=IM_6sv0CEma6krudme\" style=\"width: 736px; height: 118px;\" \/><br \/>\n<span style=\"color:#ffffff;\">If you are not human, please enter &quot;Yes&quot; in the space below.<\/span>","DefaultChoices":false,"DataExportTag":"Q70","QuestionType":"TE","Selector":"SL","DataVisibility":{"Private":false,"Hidden":false},"Configuration":{"QuestionDescriptionOption":"UseText"},"QuestionDescription":"If you are not human, please enter \"Yes\" in the space below.","Validation":{"Settings":{"ForceResponse":"ON","ForceResponseType":"ON","Type":"MinChar","MinChars":"1","ValidDateType":"DateWithFormat","ValidPhoneType":"ValidUSPhone","ValidZipType":"ValidUSZip"}},"GradingData":[],"Language":[],"NextChoiceId":6,"NextAnswerId":1,"SearchSource":{"AllowFreeResponse":"false"},"QuestionID":"QID980"}},{"SurveyID":"SV_bqgf48GueBCVgDI","Element":"SQ","PrimaryAttribute":"QID981","SecondaryAttribute":"Click to write the question text","TertiaryAttribute":null,"Payload":{"QuestionText":"Click to write the question text","DefaultChoices":false,"DataExportTag":"Q71","QuestionType":"Meta","Selector":"Browser","DataVisibility":{"Private":false,"Hidden":false},"Configuration":{"QuestionDescriptionOption":"UseText"},"QuestionDescription":"Click to write the question text","Choices":{"1":{"Display":"Browser","TextEntry":1},"2":{"Display":"Version","TextEntry":1},"3":{"Display":"Operating System","TextEntry":1},"4":{"Display":"Screen Resolution","TextEntry":1},"5":{"Display":"Flash Version","TextEntry":1},"6":{"Display":"Java Support","TextEntry":1},"7":{"Display":"User Agent","TextEntry":1}},"GradingData":[],"Language":[],"NextChoiceId":4,"NextAnswerId":1,"QuestionID":"QID981"}},{"SurveyID":"SV_bqgf48GueBCVgDI","Element":"STAT","PrimaryAttribute":"Survey Statistics","SecondaryAttribute":null,"TertiaryAttribute":null,"Payload":{"MobileCompatible":false,"ID":"Survey Statistics"}}]}